
Microsoft Visual Studio Solution File, Format Version 12.00
# Visual Studio 14
VisualStudioVersion = 14.0.25420.1
MinimumVisualStudioVersion = 10.0.40219.1
Project("{8BC9CEB8-8B4A-11D0-8D11-00A0C91BC942}") = "iGP11", "iGP11\iGP11.vcxproj", "{7C485635-3092-4D6E-AEA9-D7E9BF32493D}"
EndProject
Project("{FAE04EC0-301F-11D3-BF4B-00C04F79EFBC}") = "iGP11.Library", "iGP11.Library\iGP11.Library.csproj", "{FEDF2FA9-7CA3-4488-9983-3079D9661847}"
EndProject
Project("{FAE04EC0-301F-11D3-BF4B-00C04F79EFBC}") = "iGP11.Tool", "iGP11.Tool\iGP11.Tool.csproj", "{6DD284BF-F42A-480B-8258-F9E72B54A187}"
EndProject
Project("{FAE04EC0-301F-11D3-BF4B-00C04F79EFBC}") = "iGP11.Tool.Domain", "iGP11.Tool.Domain\iGP11.Tool.Domain.csproj", "{B279ABBB-DA91-493F-902B-6A6F9B9F2D16}"
EndProject
Project("{8BC9CEB8-8B4A-11D0-8D11-00A0C91BC942}") = "iGP11.External.Imaging", "iGP11.External.Imaging\iGP11.External.Imaging.vcxproj", "{04C6460E-9662-4455-B060-A4ED5A74413D}"
EndProject
Project("{8BC9CEB8-8B4A-11D0-8D11-00A0C91BC942}") = "iGP11.Core", "iGP11.Core\iGP11.Core.vcxproj", "{CD65C3DC-1DC9-4880-BE4A-992AA84B88FE}"
EndProject
Project("{8BC9CEB8-8B4A-11D0-8D11-00A0C91BC942}") = "iGP11.Direct3D11", "iGP11.Direct3D11\iGP11.Direct3D11.vcxproj", "{F4D12239-5DAB-48FF-A427-3815920D171B}"
EndProject
Project("{FAE04EC0-301F-11D3-BF4B-00C04F79EFBC}") = "iGP11.Tool.Infrastructure.Communication", "iGP11.Tool.Infrastructure.Communication\iGP11.Tool.Infrastructure.Communication.csproj", "{D85602A2-B9AA-4A68-B01B-627CC2A88530}"
EndProject
Project("{FAE04EC0-301F-11D3-BF4B-00C04F79EFBC}") = "iGP11.Tool.Infrastructure.External", "iGP11.Tool.Infrastructure.External\iGP11.Tool.Infrastructure.External.csproj", "{6A54911F-FBAC-4B7A-B030-E5B175431B08}"
EndProject
Project("{FAE04EC0-301F-11D3-BF4B-00C04F79EFBC}") = "iGP11.Library.DDD", "iGP11.Library.DDD\iGP11.Library.DDD.csproj", "{E776D5EE-650C-460D-927F-B200E214186C}"
EndProject
Project("{FAE04EC0-301F-11D3-BF4B-00C04F79EFBC}") = "iGP11.Tool.Infrastructure.Database", "iGP11.Tool.Infrastructure.Database\iGP11.Tool.Infrastructure.Database.csproj", "{A88DDA32-D985-4C78-A43E-7D6E1317AD75}"
EndProject
Project("{FAE04EC0-301F-11D3-BF4B-00C04F79EFBC}") = "iGP11.Tool.Application", "iGP11.Tool.Application\iGP11.Tool.Application.csproj", "{125A88DF-56B0-4738-9D43-401178C2FCE1}"
EndProject
Project("{FAE04EC0-301F-11D3-BF4B-00C04F79EFBC}") = "iGP11.Tool.Localization", "iGP11.Tool.Localization\iGP11.Tool.Localization.csproj", "{6A47C6CB-A423-40BA-BBA2-49678EE148E7}"
EndProject
Project("{8BC9CEB8-8B4A-11D0-8D11-00A0C91BC942}") = "iGP11.External.Injection", "iGP11.External.Injection\iGP11.External.Injection.vcxproj", "{98756F38-19E1-4067-926C-79401E6AF092}"
EndProject
Project("{54435603-DBB4-11D2-8724-00A0C9A8B90C}") = "iGP11.Installer", "iGP11.Installer\iGP11.Installer.vdproj", "{484BA866-0A3C-4430-A778-03127CEE8FCB}"
EndProject
Project("{FAE04EC0-301F-11D3-BF4B-00C04F79EFBC}") = "iGP11.Tool.Bootstrapper", "iGP11.Tool.Bootstrapper\iGP11.Tool.Bootstrapper.csproj", "{5B33CBA1-CEC4-4358-AE96-8AF61063BB75}"
EndProject
Project("{2150E333-8FDC-42A3-9474-1A3956D46DE8}") = "02 iGP11 Tool", "02 iGP11 Tool", "{3504E0A5-C3C7-4D0C-9F26-D19408F2F808}"
EndProject
Project("{2150E333-8FDC-42A3-9474-1A3956D46DE8}") = "01 iGP11", "01 iGP11", "{2FA18D35-992B-450C-A88E-C72AC1E8835D}"
EndProject
Project("{2150E333-8FDC-42A3-9474-1A3956D46DE8}") = "02 Presentation", "02 Presentation", "{F882A1A3-4945-4A0F-A408-3AE2496E8611}"
EndProject
Project("{2150E333-8FDC-42A3-9474-1A3956D46DE8}") = "03 Application", "03 Application", "{CFB9B69C-B925-4EEB-9926-CCB5EAFFFEB7}"
EndProject
Project("{2150E333-8FDC-42A3-9474-1A3956D46DE8}") = "04 Domain", "04 Domain", "{52922607-F65A-481F-8109-C5FC3660939F}"
EndProject
Project("{2150E333-8FDC-42A3-9474-1A3956D46DE8}") = "05 Infrastructure", "05 Infrastructure", "{B49C6E1F-C7E8-4969-B646-DFDBD20D8E21}"
EndProject
Project("{2150E333-8FDC-42A3-9474-1A3956D46DE8}") = "01 Proxy", "01 Proxy", "{FEACF033-959E-43B6-86A8-B284AB56F3E7}"
EndProject
Project("{2150E333-8FDC-42A3-9474-1A3956D46DE8}") = "02 Plugins", "02 Plugins", "{A6F87273-5545-4FB4-BB7D-3733AE179B16}"
EndProject
Project("{2150E333-8FDC-42A3-9474-1A3956D46DE8}") = "04 External Dependencies", "04 External Dependencies", "{428D3FE5-B2DF-4ED9-BD01-29E0D53B3401}"
EndProject
Project("{2150E333-8FDC-42A3-9474-1A3956D46DE8}") = "03 External", "03 External", "{EFDA7A39-ABF2-4F42-B964-335DA8B6DCDB}"
EndProject
Project("{8BC9CEB8-8B4A-11D0-8D11-00A0C91BC942}") = "DirectXTex", "external\DirectXTex\DirectXTex\DirectXTex_Desktop_2015.vcxproj", "{371B9FA9-4C90-4AC6-A123-ACED756D6C77}"
EndProject
Project("{8BC9CEB8-8B4A-11D0-8D11-00A0C91BC942}") = "DirectXTK_Desktop_2015", "external\DirectXTK\DirectXTK_Desktop_2015.vcxproj", "{E0B52AE7-E160-4D32-BF3F-910B785E5A8E}"
EndProject
Project("{2150E333-8FDC-42A3-9474-1A3956D46DE8}") = "06 ReadModel", "06 ReadModel", "{0E2D6714-E997-4439-BFBB-D70F06D65CDA}"
EndProject
Project("{2150E333-8FDC-42A3-9474-1A3956D46DE8}") = "01 Dependency Resolution", "01 Dependency Resolution", "{0333117B-E589-44D7-8DDB-BA5FF6B0D519}"
EndProject
Project("{2150E333-8FDC-42A3-9474-1A3956D46DE8}") = "04 Tools", "04 Tools", "{A66E1AB1-9A56-4143-84A7-23031E80120D}"
EndProject
Project("{FAE04EC0-301F-11D3-BF4B-00C04F79EFBC}") = "ProductPublisher", "tools\ProductPublisher\ProductPublisher.csproj", "{CD64C7BF-8A8F-45AA-90B1-FD2E073C3EF6}"
EndProject
Project("{FAE04EC0-301F-11D3-BF4B-00C04F79EFBC}") = "iGP11.Library.Component", "iGP11.Library.Component\iGP11.Library.Component.csproj", "{3DF9A073-E6BB-4C85-8B72-E4FD51B0F23E}"
EndProject
Project("{2150E333-8FDC-42A3-9474-1A3956D46DE8}") = "03 Libraries", "03 Libraries", "{0081FCAC-C8BD-4275-864A-3CC503FCDF32}"
EndProject
Project("{FAE04EC0-301F-11D3-BF4B-00C04F79EFBC}") = "iGP11.Library.EventPublisher", "iGP11.Library.EventPublisher\iGP11.Library.EventPublisher.csproj", "{50ECDC19-0EEC-4769-92F9-76B26CD8783C}"
EndProject
Project("{FAE04EC0-301F-11D3-BF4B-00C04F79EFBC}") = "iGP11.Library.Network", "iGP11.Library.Network\iGP11.Library.Network.csproj", "{A53A75FD-46CB-4845-AFFC-728D87638A0E}"
EndProject
Project("{FAE04EC0-301F-11D3-BF4B-00C04F79EFBC}") = "iGP11.Library.File", "iGP11.Library.File\iGP11.Library.File.csproj", "{6FC85AA9-A372-4663-8B13-95EA6B49A30F}"
EndProject
Project("{FAE04EC0-301F-11D3-BF4B-00C04F79EFBC}") = "iGP11.Library.Component.DataAnnotations", "iGP11.Library.Component.DataAnnotations\iGP11.Library.Component.DataAnnotations.csproj", "{833934CF-5080-46DA-80A6-37641318A86F}"
EndProject
Project("{FAE04EC0-301F-11D3-BF4B-00C04F79EFBC}") = "iGP11.Tool.Shared", "iGP11.Tool.Shared\iGP11.Tool.Shared.csproj", "{33FC4B70-E64E-4F7D-818E-E404362163A9}"
EndProject
Project("{FAE04EC0-301F-11D3-BF4B-00C04F79EFBC}") = "iGP11.Library.Hub", "iGP11.Library.Hub\iGP11.Library.Hub.csproj", "{3672631F-D4F2-4CE0-985E-D118CC78CE78}"
EndProject
Project("{FAE04EC0-301F-11D3-BF4B-00C04F79EFBC}") = "iGP11.Tool.Application.Api", "iGP11.Tool.Application.Api\iGP11.Tool.Application.Api.csproj", "{A257BF4E-5C28-48F2-8D9B-1A1090093EF5}"
EndProject
Project("{FAE04EC0-301F-11D3-BF4B-00C04F79EFBC}") = "iGP11.Tool.ReadModel.Api", "iGP11.Tool.ReadModel.Api\iGP11.Tool.ReadModel.Api.csproj", "{3092E8FF-3585-4069-979E-C16FC81287A2}"
EndProject
Project("{FAE04EC0-301F-11D3-BF4B-00C04F79EFBC}") = "iGP11.Tool.ReadModel", "iGP11.Tool.ReadModel\iGP11.Tool.ReadModel.csproj", "{485359AB-9791-4019-9A81-0D20BECD0A4F}"
EndProject
Project("{FAE04EC0-301F-11D3-BF4B-00C04F79EFBC}") = "iGP11.Library.Hub.Client", "iGP11.Library.Hub.Client\iGP11.Library.Hub.Client.csproj", "{D6237064-E9BE-4BCB-A1C7-81BDBBDA5785}"
EndProject
Project("{FAE04EC0-301F-11D3-BF4B-00C04F79EFBC}") = "iGP11.Library.Hub.Shared", "iGP11.Library.Hub.Shared\iGP11.Library.Hub.Shared.csproj", "{00779BD5-C896-4CD8-8783-977A1E5C15DA}"
EndProject
Project("{FAE04EC0-301F-11D3-BF4B-00C04F79EFBC}") = "iGP11.Library.Hub.Transport", "iGP11.Library.Hub.Transport\iGP11.Library.Hub.Transport.csproj", "{58E034C7-8700-4432-9AD2-FD035E7D838A}"
EndProject
Project("{FAE04EC0-301F-11D3-BF4B-00C04F79EFBC}") = "iGP11.Library.Scheduler", "iGP11.Library.Scheduler\iGP11.Library.Scheduler.csproj", "{374D579F-FCFD-4355-95B5-985B8EA83242}"
EndProject
Global
	GlobalSection(SolutionConfigurationPlatforms) = preSolution
		Debug|Any CPU = Debug|Any CPU
		Debug|Mixed Platforms = Debug|Mixed Platforms
		Debug|Win32 = Debug|Win32
		Debug|x64 = Debug|x64
		Profile|Any CPU = Profile|Any CPU
		Profile|Mixed Platforms = Profile|Mixed Platforms
		Profile|Win32 = Profile|Win32
		Profile|x64 = Profile|x64
		Release - no manifest|Any CPU = Release - no manifest|Any CPU
		Release - no manifest|Mixed Platforms = Release - no manifest|Mixed Platforms
		Release - no manifest|Win32 = Release - no manifest|Win32
		Release - no manifest|x64 = Release - no manifest|x64
		Release|Any CPU = Release|Any CPU
		Release|Mixed Platforms = Release|Mixed Platforms
		Release|Win32 = Release|Win32
		Release|x64 = Release|x64
	EndGlobalSection
	GlobalSection(ProjectConfigurationPlatforms) = postSolution
		{7C485635-3092-4D6E-AEA9-D7E9BF32493D}.Debug|Any CPU.ActiveCfg = Debug|x64
		{7C485635-3092-4D6E-AEA9-D7E9BF32493D}.Debug|Mixed Platforms.ActiveCfg = Debug|x64
		{7C485635-3092-4D6E-AEA9-D7E9BF32493D}.Debug|Mixed Platforms.Build.0 = Debug|x64
		{7C485635-3092-4D6E-AEA9-D7E9BF32493D}.Debug|Win32.ActiveCfg = Debug|Win32
		{7C485635-3092-4D6E-AEA9-D7E9BF32493D}.Debug|Win32.Build.0 = Debug|Win32
		{7C485635-3092-4D6E-AEA9-D7E9BF32493D}.Debug|x64.ActiveCfg = Debug|x64
		{7C485635-3092-4D6E-AEA9-D7E9BF32493D}.Profile|Any CPU.ActiveCfg = Release|Win32
		{7C485635-3092-4D6E-AEA9-D7E9BF32493D}.Profile|Any CPU.Build.0 = Release|Win32
		{7C485635-3092-4D6E-AEA9-D7E9BF32493D}.Profile|Mixed Platforms.ActiveCfg = Release|Win32
		{7C485635-3092-4D6E-AEA9-D7E9BF32493D}.Profile|Mixed Platforms.Build.0 = Release|Win32
		{7C485635-3092-4D6E-AEA9-D7E9BF32493D}.Profile|Win32.ActiveCfg = Release|Win32
		{7C485635-3092-4D6E-AEA9-D7E9BF32493D}.Profile|Win32.Build.0 = Release|Win32
		{7C485635-3092-4D6E-AEA9-D7E9BF32493D}.Profile|x64.ActiveCfg = Release|x64
		{7C485635-3092-4D6E-AEA9-D7E9BF32493D}.Profile|x64.Build.0 = Release|x64
		{7C485635-3092-4D6E-AEA9-D7E9BF32493D}.Release - no manifest|Any CPU.ActiveCfg = Release|x64
		{7C485635-3092-4D6E-AEA9-D7E9BF32493D}.Release - no manifest|Mixed Platforms.ActiveCfg = Release|x64
		{7C485635-3092-4D6E-AEA9-D7E9BF32493D}.Release - no manifest|Mixed Platforms.Build.0 = Release|x64
		{7C485635-3092-4D6E-AEA9-D7E9BF32493D}.Release - no manifest|Win32.ActiveCfg = Release|Win32
		{7C485635-3092-4D6E-AEA9-D7E9BF32493D}.Release - no manifest|Win32.Build.0 = Release|Win32
		{7C485635-3092-4D6E-AEA9-D7E9BF32493D}.Release - no manifest|x64.ActiveCfg = Release|x64
		{7C485635-3092-4D6E-AEA9-D7E9BF32493D}.Release - no manifest|x64.Build.0 = Release|x64
		{7C485635-3092-4D6E-AEA9-D7E9BF32493D}.Release|Any CPU.ActiveCfg = Release|x64
		{7C485635-3092-4D6E-AEA9-D7E9BF32493D}.Release|Mixed Platforms.ActiveCfg = Release|x64
		{7C485635-3092-4D6E-AEA9-D7E9BF32493D}.Release|Mixed Platforms.Build.0 = Release|x64
		{7C485635-3092-4D6E-AEA9-D7E9BF32493D}.Release|Win32.ActiveCfg = Release|Win32
		{7C485635-3092-4D6E-AEA9-D7E9BF32493D}.Release|Win32.Build.0 = Release|Win32
		{7C485635-3092-4D6E-AEA9-D7E9BF32493D}.Release|x64.ActiveCfg = Release|x64
		{7C485635-3092-4D6E-AEA9-D7E9BF32493D}.Release|x64.Build.0 = Release|x64
		{FEDF2FA9-7CA3-4488-9983-3079D9661847}.Debug|Any CPU.ActiveCfg = Debug|Any CPU
		{FEDF2FA9-7CA3-4488-9983-3079D9661847}.Debug|Any CPU.Build.0 = Debug|Any CPU
		{FEDF2FA9-7CA3-4488-9983-3079D9661847}.Debug|Mixed Platforms.ActiveCfg = Debug|Any CPU
		{FEDF2FA9-7CA3-4488-9983-3079D9661847}.Debug|Mixed Platforms.Build.0 = Debug|Any CPU
		{FEDF2FA9-7CA3-4488-9983-3079D9661847}.Debug|Win32.ActiveCfg = Debug|Any CPU
		{FEDF2FA9-7CA3-4488-9983-3079D9661847}.Debug|x64.ActiveCfg = Debug|Any CPU
		{FEDF2FA9-7CA3-4488-9983-3079D9661847}.Profile|Any CPU.ActiveCfg = Release|Any CPU
		{FEDF2FA9-7CA3-4488-9983-3079D9661847}.Profile|Any CPU.Build.0 = Release|Any CPU
		{FEDF2FA9-7CA3-4488-9983-3079D9661847}.Profile|Mixed Platforms.ActiveCfg = Release|Any CPU
		{FEDF2FA9-7CA3-4488-9983-3079D9661847}.Profile|Mixed Platforms.Build.0 = Release|Any CPU
		{FEDF2FA9-7CA3-4488-9983-3079D9661847}.Profile|Win32.ActiveCfg = Release|Any CPU
		{FEDF2FA9-7CA3-4488-9983-3079D9661847}.Profile|Win32.Build.0 = Release|Any CPU
		{FEDF2FA9-7CA3-4488-9983-3079D9661847}.Profile|x64.ActiveCfg = Release|x64
		{FEDF2FA9-7CA3-4488-9983-3079D9661847}.Profile|x64.Build.0 = Release|x64
		{FEDF2FA9-7CA3-4488-9983-3079D9661847}.Release - no manifest|Any CPU.ActiveCfg = Release|Any CPU
		{FEDF2FA9-7CA3-4488-9983-3079D9661847}.Release - no manifest|Any CPU.Build.0 = Release|Any CPU
		{FEDF2FA9-7CA3-4488-9983-3079D9661847}.Release - no manifest|Mixed Platforms.ActiveCfg = Release|Any CPU
		{FEDF2FA9-7CA3-4488-9983-3079D9661847}.Release - no manifest|Mixed Platforms.Build.0 = Release|Any CPU
		{FEDF2FA9-7CA3-4488-9983-3079D9661847}.Release - no manifest|Win32.ActiveCfg = Release|Any CPU
		{FEDF2FA9-7CA3-4488-9983-3079D9661847}.Release - no manifest|x64.ActiveCfg = Release|Any CPU
		{FEDF2FA9-7CA3-4488-9983-3079D9661847}.Release|Any CPU.ActiveCfg = Release|Any CPU
		{FEDF2FA9-7CA3-4488-9983-3079D9661847}.Release|Any CPU.Build.0 = Release|Any CPU
		{FEDF2FA9-7CA3-4488-9983-3079D9661847}.Release|Mixed Platforms.ActiveCfg = Release|Any CPU
		{FEDF2FA9-7CA3-4488-9983-3079D9661847}.Release|Mixed Platforms.Build.0 = Release|Any CPU
		{FEDF2FA9-7CA3-4488-9983-3079D9661847}.Release|Win32.ActiveCfg = Release|Any CPU
		{FEDF2FA9-7CA3-4488-9983-3079D9661847}.Release|x64.ActiveCfg = Release|Any CPU
		{6DD284BF-F42A-480B-8258-F9E72B54A187}.Debug|Any CPU.ActiveCfg = Debug|Any CPU
		{6DD284BF-F42A-480B-8258-F9E72B54A187}.Debug|Any CPU.Build.0 = Debug|Any CPU
		{6DD284BF-F42A-480B-8258-F9E72B54A187}.Debug|Mixed Platforms.ActiveCfg = Debug|Any CPU
		{6DD284BF-F42A-480B-8258-F9E72B54A187}.Debug|Mixed Platforms.Build.0 = Debug|Any CPU
		{6DD284BF-F42A-480B-8258-F9E72B54A187}.Debug|Win32.ActiveCfg = Debug|Any CPU
		{6DD284BF-F42A-480B-8258-F9E72B54A187}.Debug|x64.ActiveCfg = Debug|Any CPU
		{6DD284BF-F42A-480B-8258-F9E72B54A187}.Profile|Any CPU.ActiveCfg = Release|Any CPU
		{6DD284BF-F42A-480B-8258-F9E72B54A187}.Profile|Any CPU.Build.0 = Release|Any CPU
		{6DD284BF-F42A-480B-8258-F9E72B54A187}.Profile|Mixed Platforms.ActiveCfg = Release|Any CPU
		{6DD284BF-F42A-480B-8258-F9E72B54A187}.Profile|Mixed Platforms.Build.0 = Release|Any CPU
		{6DD284BF-F42A-480B-8258-F9E72B54A187}.Profile|Win32.ActiveCfg = Release|Any CPU
		{6DD284BF-F42A-480B-8258-F9E72B54A187}.Profile|Win32.Build.0 = Release|Any CPU
		{6DD284BF-F42A-480B-8258-F9E72B54A187}.Profile|x64.ActiveCfg = Release - no manifest|x64
		{6DD284BF-F42A-480B-8258-F9E72B54A187}.Profile|x64.Build.0 = Release - no manifest|x64
		{6DD284BF-F42A-480B-8258-F9E72B54A187}.Release - no manifest|Any CPU.ActiveCfg = Release - no manifest|Any CPU
		{6DD284BF-F42A-480B-8258-F9E72B54A187}.Release - no manifest|Any CPU.Build.0 = Release - no manifest|Any CPU
		{6DD284BF-F42A-480B-8258-F9E72B54A187}.Release - no manifest|Mixed Platforms.ActiveCfg = Release|Any CPU
		{6DD284BF-F42A-480B-8258-F9E72B54A187}.Release - no manifest|Mixed Platforms.Build.0 = Release|Any CPU
		{6DD284BF-F42A-480B-8258-F9E72B54A187}.Release - no manifest|Win32.ActiveCfg = Release|Any CPU
		{6DD284BF-F42A-480B-8258-F9E72B54A187}.Release - no manifest|x64.ActiveCfg = Release|Any CPU
		{6DD284BF-F42A-480B-8258-F9E72B54A187}.Release|Any CPU.ActiveCfg = Release|Any CPU
		{6DD284BF-F42A-480B-8258-F9E72B54A187}.Release|Any CPU.Build.0 = Release|Any CPU
		{6DD284BF-F42A-480B-8258-F9E72B54A187}.Release|Mixed Platforms.ActiveCfg = Release|Any CPU
		{6DD284BF-F42A-480B-8258-F9E72B54A187}.Release|Mixed Platforms.Build.0 = Release|Any CPU
		{6DD284BF-F42A-480B-8258-F9E72B54A187}.Release|Win32.ActiveCfg = Release|Any CPU
		{6DD284BF-F42A-480B-8258-F9E72B54A187}.Release|x64.ActiveCfg = Release|Any CPU
		{B279ABBB-DA91-493F-902B-6A6F9B9F2D16}.Debug|Any CPU.ActiveCfg = Debug|Any CPU
		{B279ABBB-DA91-493F-902B-6A6F9B9F2D16}.Debug|Any CPU.Build.0 = Debug|Any CPU
		{B279ABBB-DA91-493F-902B-6A6F9B9F2D16}.Debug|Mixed Platforms.ActiveCfg = Debug|Any CPU
		{B279ABBB-DA91-493F-902B-6A6F9B9F2D16}.Debug|Mixed Platforms.Build.0 = Debug|Any CPU
		{B279ABBB-DA91-493F-902B-6A6F9B9F2D16}.Debug|Win32.ActiveCfg = Debug|Any CPU
		{B279ABBB-DA91-493F-902B-6A6F9B9F2D16}.Debug|x64.ActiveCfg = Debug|Any CPU
		{B279ABBB-DA91-493F-902B-6A6F9B9F2D16}.Profile|Any CPU.ActiveCfg = Release|Any CPU
		{B279ABBB-DA91-493F-902B-6A6F9B9F2D16}.Profile|Any CPU.Build.0 = Release|Any CPU
		{B279ABBB-DA91-493F-902B-6A6F9B9F2D16}.Profile|Mixed Platforms.ActiveCfg = Release|Any CPU
		{B279ABBB-DA91-493F-902B-6A6F9B9F2D16}.Profile|Mixed Platforms.Build.0 = Release|Any CPU
		{B279ABBB-DA91-493F-902B-6A6F9B9F2D16}.Profile|Win32.ActiveCfg = Release|Any CPU
		{B279ABBB-DA91-493F-902B-6A6F9B9F2D16}.Profile|Win32.Build.0 = Release|Any CPU
		{B279ABBB-DA91-493F-902B-6A6F9B9F2D16}.Profile|x64.ActiveCfg = Release|x64
		{B279ABBB-DA91-493F-902B-6A6F9B9F2D16}.Profile|x64.Build.0 = Release|x64
		{B279ABBB-DA91-493F-902B-6A6F9B9F2D16}.Release - no manifest|Any CPU.ActiveCfg = Release|Any CPU
		{B279ABBB-DA91-493F-902B-6A6F9B9F2D16}.Release - no manifest|Any CPU.Build.0 = Release|Any CPU
		{B279ABBB-DA91-493F-902B-6A6F9B9F2D16}.Release - no manifest|Mixed Platforms.ActiveCfg = Release|Any CPU
		{B279ABBB-DA91-493F-902B-6A6F9B9F2D16}.Release - no manifest|Mixed Platforms.Build.0 = Release|Any CPU
		{B279ABBB-DA91-493F-902B-6A6F9B9F2D16}.Release - no manifest|Win32.ActiveCfg = Release|Any CPU
		{B279ABBB-DA91-493F-902B-6A6F9B9F2D16}.Release - no manifest|x64.ActiveCfg = Release|Any CPU
		{B279ABBB-DA91-493F-902B-6A6F9B9F2D16}.Release|Any CPU.ActiveCfg = Release|Any CPU
		{B279ABBB-DA91-493F-902B-6A6F9B9F2D16}.Release|Any CPU.Build.0 = Release|Any CPU
		{B279ABBB-DA91-493F-902B-6A6F9B9F2D16}.Release|Mixed Platforms.ActiveCfg = Release|Any CPU
		{B279ABBB-DA91-493F-902B-6A6F9B9F2D16}.Release|Mixed Platforms.Build.0 = Release|Any CPU
		{B279ABBB-DA91-493F-902B-6A6F9B9F2D16}.Release|Win32.ActiveCfg = Release|Any CPU
		{B279ABBB-DA91-493F-902B-6A6F9B9F2D16}.Release|x64.ActiveCfg = Release|Any CPU
		{04C6460E-9662-4455-B060-A4ED5A74413D}.Debug|Any CPU.ActiveCfg = Debug|x64
		{04C6460E-9662-4455-B060-A4ED5A74413D}.Debug|Mixed Platforms.ActiveCfg = Debug|x64
		{04C6460E-9662-4455-B060-A4ED5A74413D}.Debug|Mixed Platforms.Build.0 = Debug|x64
		{04C6460E-9662-4455-B060-A4ED5A74413D}.Debug|Win32.ActiveCfg = Debug|Win32
		{04C6460E-9662-4455-B060-A4ED5A74413D}.Debug|Win32.Build.0 = Debug|Win32
		{04C6460E-9662-4455-B060-A4ED5A74413D}.Debug|x64.ActiveCfg = Debug|x64
		{04C6460E-9662-4455-B060-A4ED5A74413D}.Profile|Any CPU.ActiveCfg = Release|Win32
		{04C6460E-9662-4455-B060-A4ED5A74413D}.Profile|Any CPU.Build.0 = Release|Win32
		{04C6460E-9662-4455-B060-A4ED5A74413D}.Profile|Mixed Platforms.ActiveCfg = Release|Win32
		{04C6460E-9662-4455-B060-A4ED5A74413D}.Profile|Mixed Platforms.Build.0 = Release|Win32
		{04C6460E-9662-4455-B060-A4ED5A74413D}.Profile|Win32.ActiveCfg = Release|Win32
		{04C6460E-9662-4455-B060-A4ED5A74413D}.Profile|Win32.Build.0 = Release|Win32
		{04C6460E-9662-4455-B060-A4ED5A74413D}.Profile|x64.ActiveCfg = Release|x64
		{04C6460E-9662-4455-B060-A4ED5A74413D}.Profile|x64.Build.0 = Release|x64
		{04C6460E-9662-4455-B060-A4ED5A74413D}.Release - no manifest|Any CPU.ActiveCfg = Release|x64
		{04C6460E-9662-4455-B060-A4ED5A74413D}.Release - no manifest|Mixed Platforms.ActiveCfg = Release|x64
		{04C6460E-9662-4455-B060-A4ED5A74413D}.Release - no manifest|Mixed Platforms.Build.0 = Release|x64
		{04C6460E-9662-4455-B060-A4ED5A74413D}.Release - no manifest|Win32.ActiveCfg = Release|Win32
		{04C6460E-9662-4455-B060-A4ED5A74413D}.Release - no manifest|Win32.Build.0 = Release|Win32
		{04C6460E-9662-4455-B060-A4ED5A74413D}.Release - no manifest|x64.ActiveCfg = Release|x64
		{04C6460E-9662-4455-B060-A4ED5A74413D}.Release|Any CPU.ActiveCfg = Release|x64
		{04C6460E-9662-4455-B060-A4ED5A74413D}.Release|Mixed Platforms.ActiveCfg = Release|x64
		{04C6460E-9662-4455-B060-A4ED5A74413D}.Release|Mixed Platforms.Build.0 = Release|x64
		{04C6460E-9662-4455-B060-A4ED5A74413D}.Release|Win32.ActiveCfg = Release|Win32
		{04C6460E-9662-4455-B060-A4ED5A74413D}.Release|Win32.Build.0 = Release|Win32
		{04C6460E-9662-4455-B060-A4ED5A74413D}.Release|x64.ActiveCfg = Release|x64
		{CD65C3DC-1DC9-4880-BE4A-992AA84B88FE}.Debug|Any CPU.ActiveCfg = Debug|x64
		{CD65C3DC-1DC9-4880-BE4A-992AA84B88FE}.Debug|Mixed Platforms.ActiveCfg = Debug|x64
		{CD65C3DC-1DC9-4880-BE4A-992AA84B88FE}.Debug|Mixed Platforms.Build.0 = Debug|x64
		{CD65C3DC-1DC9-4880-BE4A-992AA84B88FE}.Debug|Win32.ActiveCfg = Debug|Win32
		{CD65C3DC-1DC9-4880-BE4A-992AA84B88FE}.Debug|Win32.Build.0 = Debug|Win32
		{CD65C3DC-1DC9-4880-BE4A-992AA84B88FE}.Debug|x64.ActiveCfg = Debug|x64
		{CD65C3DC-1DC9-4880-BE4A-992AA84B88FE}.Profile|Any CPU.ActiveCfg = Release|Win32
		{CD65C3DC-1DC9-4880-BE4A-992AA84B88FE}.Profile|Any CPU.Build.0 = Release|Win32
		{CD65C3DC-1DC9-4880-BE4A-992AA84B88FE}.Profile|Mixed Platforms.ActiveCfg = Release|Win32
		{CD65C3DC-1DC9-4880-BE4A-992AA84B88FE}.Profile|Mixed Platforms.Build.0 = Release|Win32
		{CD65C3DC-1DC9-4880-BE4A-992AA84B88FE}.Profile|Win32.ActiveCfg = Release|Win32
		{CD65C3DC-1DC9-4880-BE4A-992AA84B88FE}.Profile|Win32.Build.0 = Release|Win32
		{CD65C3DC-1DC9-4880-BE4A-992AA84B88FE}.Profile|x64.ActiveCfg = Release|x64
		{CD65C3DC-1DC9-4880-BE4A-992AA84B88FE}.Profile|x64.Build.0 = Release|x64
		{CD65C3DC-1DC9-4880-BE4A-992AA84B88FE}.Release - no manifest|Any CPU.ActiveCfg = Release|x64
		{CD65C3DC-1DC9-4880-BE4A-992AA84B88FE}.Release - no manifest|Mixed Platforms.ActiveCfg = Release|x64
		{CD65C3DC-1DC9-4880-BE4A-992AA84B88FE}.Release - no manifest|Mixed Platforms.Build.0 = Release|x64
		{CD65C3DC-1DC9-4880-BE4A-992AA84B88FE}.Release - no manifest|Win32.ActiveCfg = Release|Win32
		{CD65C3DC-1DC9-4880-BE4A-992AA84B88FE}.Release - no manifest|Win32.Build.0 = Release|Win32
		{CD65C3DC-1DC9-4880-BE4A-992AA84B88FE}.Release - no manifest|x64.ActiveCfg = Release|x64
		{CD65C3DC-1DC9-4880-BE4A-992AA84B88FE}.Release|Any CPU.ActiveCfg = Release|x64
		{CD65C3DC-1DC9-4880-BE4A-992AA84B88FE}.Release|Mixed Platforms.ActiveCfg = Release|x64
		{CD65C3DC-1DC9-4880-BE4A-992AA84B88FE}.Release|Mixed Platforms.Build.0 = Release|x64
		{CD65C3DC-1DC9-4880-BE4A-992AA84B88FE}.Release|Win32.ActiveCfg = Release|Win32
		{CD65C3DC-1DC9-4880-BE4A-992AA84B88FE}.Release|Win32.Build.0 = Release|Win32
		{CD65C3DC-1DC9-4880-BE4A-992AA84B88FE}.Release|x64.ActiveCfg = Release|x64
		{F4D12239-5DAB-48FF-A427-3815920D171B}.Debug|Any CPU.ActiveCfg = Debug|x64
		{F4D12239-5DAB-48FF-A427-3815920D171B}.Debug|Mixed Platforms.ActiveCfg = Debug|Win32
		{F4D12239-5DAB-48FF-A427-3815920D171B}.Debug|Mixed Platforms.Build.0 = Debug|Win32
		{F4D12239-5DAB-48FF-A427-3815920D171B}.Debug|Win32.ActiveCfg = Debug|Win32
		{F4D12239-5DAB-48FF-A427-3815920D171B}.Debug|Win32.Build.0 = Debug|Win32
		{F4D12239-5DAB-48FF-A427-3815920D171B}.Debug|x64.ActiveCfg = Debug|Win32
		{F4D12239-5DAB-48FF-A427-3815920D171B}.Profile|Any CPU.ActiveCfg = Release|Win32
		{F4D12239-5DAB-48FF-A427-3815920D171B}.Profile|Any CPU.Build.0 = Release|Win32
		{F4D12239-5DAB-48FF-A427-3815920D171B}.Profile|Mixed Platforms.ActiveCfg = Release|Win32
		{F4D12239-5DAB-48FF-A427-3815920D171B}.Profile|Mixed Platforms.Build.0 = Release|Win32
		{F4D12239-5DAB-48FF-A427-3815920D171B}.Profile|Win32.ActiveCfg = Release|Win32
		{F4D12239-5DAB-48FF-A427-3815920D171B}.Profile|Win32.Build.0 = Release|Win32
		{F4D12239-5DAB-48FF-A427-3815920D171B}.Profile|x64.ActiveCfg = Release|x64
		{F4D12239-5DAB-48FF-A427-3815920D171B}.Profile|x64.Build.0 = Release|x64
		{F4D12239-5DAB-48FF-A427-3815920D171B}.Release - no manifest|Any CPU.ActiveCfg = Release|x64
		{F4D12239-5DAB-48FF-A427-3815920D171B}.Release - no manifest|Mixed Platforms.ActiveCfg = Release|Win32
		{F4D12239-5DAB-48FF-A427-3815920D171B}.Release - no manifest|Mixed Platforms.Build.0 = Release|Win32
		{F4D12239-5DAB-48FF-A427-3815920D171B}.Release - no manifest|Win32.ActiveCfg = Release|Win32
		{F4D12239-5DAB-48FF-A427-3815920D171B}.Release - no manifest|Win32.Build.0 = Release|Win32
		{F4D12239-5DAB-48FF-A427-3815920D171B}.Release - no manifest|x64.ActiveCfg = Release|Win32
		{F4D12239-5DAB-48FF-A427-3815920D171B}.Release|Any CPU.ActiveCfg = Release|x64
		{F4D12239-5DAB-48FF-A427-3815920D171B}.Release|Mixed Platforms.ActiveCfg = Release|Win32
		{F4D12239-5DAB-48FF-A427-3815920D171B}.Release|Mixed Platforms.Build.0 = Release|Win32
		{F4D12239-5DAB-48FF-A427-3815920D171B}.Release|Win32.ActiveCfg = Release|Win32
		{F4D12239-5DAB-48FF-A427-3815920D171B}.Release|Win32.Build.0 = Release|Win32
		{F4D12239-5DAB-48FF-A427-3815920D171B}.Release|x64.ActiveCfg = Release|Win32
		{D85602A2-B9AA-4A68-B01B-627CC2A88530}.Debug|Any CPU.ActiveCfg = Debug|Any CPU
		{D85602A2-B9AA-4A68-B01B-627CC2A88530}.Debug|Any CPU.Build.0 = Debug|Any CPU
		{D85602A2-B9AA-4A68-B01B-627CC2A88530}.Debug|Mixed Platforms.ActiveCfg = Debug|Any CPU
		{D85602A2-B9AA-4A68-B01B-627CC2A88530}.Debug|Mixed Platforms.Build.0 = Debug|Any CPU
		{D85602A2-B9AA-4A68-B01B-627CC2A88530}.Debug|Win32.ActiveCfg = Debug|Any CPU
		{D85602A2-B9AA-4A68-B01B-627CC2A88530}.Debug|x64.ActiveCfg = Debug|Any CPU
		{D85602A2-B9AA-4A68-B01B-627CC2A88530}.Profile|Any CPU.ActiveCfg = Release|Any CPU
		{D85602A2-B9AA-4A68-B01B-627CC2A88530}.Profile|Any CPU.Build.0 = Release|Any CPU
		{D85602A2-B9AA-4A68-B01B-627CC2A88530}.Profile|Mixed Platforms.ActiveCfg = Release|Any CPU
		{D85602A2-B9AA-4A68-B01B-627CC2A88530}.Profile|Mixed Platforms.Build.0 = Release|Any CPU
		{D85602A2-B9AA-4A68-B01B-627CC2A88530}.Profile|Win32.ActiveCfg = Release|Any CPU
		{D85602A2-B9AA-4A68-B01B-627CC2A88530}.Profile|Win32.Build.0 = Release|Any CPU
		{D85602A2-B9AA-4A68-B01B-627CC2A88530}.Profile|x64.ActiveCfg = Release|Any CPU
		{D85602A2-B9AA-4A68-B01B-627CC2A88530}.Profile|x64.Build.0 = Release|Any CPU
		{D85602A2-B9AA-4A68-B01B-627CC2A88530}.Release - no manifest|Any CPU.ActiveCfg = Release|Any CPU
		{D85602A2-B9AA-4A68-B01B-627CC2A88530}.Release - no manifest|Any CPU.Build.0 = Release|Any CPU
		{D85602A2-B9AA-4A68-B01B-627CC2A88530}.Release - no manifest|Mixed Platforms.ActiveCfg = Release|Any CPU
		{D85602A2-B9AA-4A68-B01B-627CC2A88530}.Release - no manifest|Mixed Platforms.Build.0 = Release|Any CPU
		{D85602A2-B9AA-4A68-B01B-627CC2A88530}.Release - no manifest|Win32.ActiveCfg = Release|Any CPU
		{D85602A2-B9AA-4A68-B01B-627CC2A88530}.Release - no manifest|x64.ActiveCfg = Release|Any CPU
		{D85602A2-B9AA-4A68-B01B-627CC2A88530}.Release|Any CPU.ActiveCfg = Release|Any CPU
		{D85602A2-B9AA-4A68-B01B-627CC2A88530}.Release|Any CPU.Build.0 = Release|Any CPU
		{D85602A2-B9AA-4A68-B01B-627CC2A88530}.Release|Mixed Platforms.ActiveCfg = Release|Any CPU
		{D85602A2-B9AA-4A68-B01B-627CC2A88530}.Release|Mixed Platforms.Build.0 = Release|Any CPU
		{D85602A2-B9AA-4A68-B01B-627CC2A88530}.Release|Win32.ActiveCfg = Release|Any CPU
		{D85602A2-B9AA-4A68-B01B-627CC2A88530}.Release|x64.ActiveCfg = Release|Any CPU
		{6A54911F-FBAC-4B7A-B030-E5B175431B08}.Debug|Any CPU.ActiveCfg = Debug|Any CPU
		{6A54911F-FBAC-4B7A-B030-E5B175431B08}.Debug|Any CPU.Build.0 = Debug|Any CPU
		{6A54911F-FBAC-4B7A-B030-E5B175431B08}.Debug|Mixed Platforms.ActiveCfg = Debug|Any CPU
		{6A54911F-FBAC-4B7A-B030-E5B175431B08}.Debug|Mixed Platforms.Build.0 = Debug|Any CPU
		{6A54911F-FBAC-4B7A-B030-E5B175431B08}.Debug|Win32.ActiveCfg = Debug|Any CPU
		{6A54911F-FBAC-4B7A-B030-E5B175431B08}.Debug|x64.ActiveCfg = Debug|Any CPU
		{6A54911F-FBAC-4B7A-B030-E5B175431B08}.Profile|Any CPU.ActiveCfg = Release|Any CPU
		{6A54911F-FBAC-4B7A-B030-E5B175431B08}.Profile|Any CPU.Build.0 = Release|Any CPU
		{6A54911F-FBAC-4B7A-B030-E5B175431B08}.Profile|Mixed Platforms.ActiveCfg = Release|Any CPU
		{6A54911F-FBAC-4B7A-B030-E5B175431B08}.Profile|Mixed Platforms.Build.0 = Release|Any CPU
		{6A54911F-FBAC-4B7A-B030-E5B175431B08}.Profile|Win32.ActiveCfg = Release|Any CPU
		{6A54911F-FBAC-4B7A-B030-E5B175431B08}.Profile|Win32.Build.0 = Release|Any CPU
		{6A54911F-FBAC-4B7A-B030-E5B175431B08}.Profile|x64.ActiveCfg = Release|Any CPU
		{6A54911F-FBAC-4B7A-B030-E5B175431B08}.Profile|x64.Build.0 = Release|Any CPU
		{6A54911F-FBAC-4B7A-B030-E5B175431B08}.Release - no manifest|Any CPU.ActiveCfg = Release|Any CPU
		{6A54911F-FBAC-4B7A-B030-E5B175431B08}.Release - no manifest|Any CPU.Build.0 = Release|Any CPU
		{6A54911F-FBAC-4B7A-B030-E5B175431B08}.Release - no manifest|Mixed Platforms.ActiveCfg = Release|Any CPU
		{6A54911F-FBAC-4B7A-B030-E5B175431B08}.Release - no manifest|Mixed Platforms.Build.0 = Release|Any CPU
		{6A54911F-FBAC-4B7A-B030-E5B175431B08}.Release - no manifest|Win32.ActiveCfg = Release|Any CPU
		{6A54911F-FBAC-4B7A-B030-E5B175431B08}.Release - no manifest|x64.ActiveCfg = Release|Any CPU
		{6A54911F-FBAC-4B7A-B030-E5B175431B08}.Release|Any CPU.ActiveCfg = Release|Any CPU
		{6A54911F-FBAC-4B7A-B030-E5B175431B08}.Release|Any CPU.Build.0 = Release|Any CPU
		{6A54911F-FBAC-4B7A-B030-E5B175431B08}.Release|Mixed Platforms.ActiveCfg = Release|Any CPU
		{6A54911F-FBAC-4B7A-B030-E5B175431B08}.Release|Mixed Platforms.Build.0 = Release|Any CPU
		{6A54911F-FBAC-4B7A-B030-E5B175431B08}.Release|Win32.ActiveCfg = Release|Any CPU
		{6A54911F-FBAC-4B7A-B030-E5B175431B08}.Release|x64.ActiveCfg = Release|Any CPU
		{E776D5EE-650C-460D-927F-B200E214186C}.Debug|Any CPU.ActiveCfg = Debug|Any CPU
		{E776D5EE-650C-460D-927F-B200E214186C}.Debug|Any CPU.Build.0 = Debug|Any CPU
		{E776D5EE-650C-460D-927F-B200E214186C}.Debug|Mixed Platforms.ActiveCfg = Debug|Any CPU
		{E776D5EE-650C-460D-927F-B200E214186C}.Debug|Mixed Platforms.Build.0 = Debug|Any CPU
		{E776D5EE-650C-460D-927F-B200E214186C}.Debug|Win32.ActiveCfg = Debug|Any CPU
		{E776D5EE-650C-460D-927F-B200E214186C}.Debug|x64.ActiveCfg = Debug|Any CPU
		{E776D5EE-650C-460D-927F-B200E214186C}.Profile|Any CPU.ActiveCfg = Release|Any CPU
		{E776D5EE-650C-460D-927F-B200E214186C}.Profile|Any CPU.Build.0 = Release|Any CPU
		{E776D5EE-650C-460D-927F-B200E214186C}.Profile|Mixed Platforms.ActiveCfg = Release|Any CPU
		{E776D5EE-650C-460D-927F-B200E214186C}.Profile|Mixed Platforms.Build.0 = Release|Any CPU
		{E776D5EE-650C-460D-927F-B200E214186C}.Profile|Win32.ActiveCfg = Release|Any CPU
		{E776D5EE-650C-460D-927F-B200E214186C}.Profile|Win32.Build.0 = Release|Any CPU
		{E776D5EE-650C-460D-927F-B200E214186C}.Profile|x64.ActiveCfg = Release|Any CPU
		{E776D5EE-650C-460D-927F-B200E214186C}.Profile|x64.Build.0 = Release|Any CPU
		{E776D5EE-650C-460D-927F-B200E214186C}.Release - no manifest|Any CPU.ActiveCfg = Release|Any CPU
		{E776D5EE-650C-460D-927F-B200E214186C}.Release - no manifest|Any CPU.Build.0 = Release|Any CPU
		{E776D5EE-650C-460D-927F-B200E214186C}.Release - no manifest|Mixed Platforms.ActiveCfg = Release|Any CPU
		{E776D5EE-650C-460D-927F-B200E214186C}.Release - no manifest|Mixed Platforms.Build.0 = Release|Any CPU
		{E776D5EE-650C-460D-927F-B200E214186C}.Release - no manifest|Win32.ActiveCfg = Release|Any CPU
		{E776D5EE-650C-460D-927F-B200E214186C}.Release - no manifest|x64.ActiveCfg = Release|Any CPU
		{E776D5EE-650C-460D-927F-B200E214186C}.Release|Any CPU.ActiveCfg = Release|Any CPU
		{E776D5EE-650C-460D-927F-B200E214186C}.Release|Any CPU.Build.0 = Release|Any CPU
		{E776D5EE-650C-460D-927F-B200E214186C}.Release|Mixed Platforms.ActiveCfg = Release|Any CPU
		{E776D5EE-650C-460D-927F-B200E214186C}.Release|Mixed Platforms.Build.0 = Release|Any CPU
		{E776D5EE-650C-460D-927F-B200E214186C}.Release|Win32.ActiveCfg = Release|Any CPU
		{E776D5EE-650C-460D-927F-B200E214186C}.Release|x64.ActiveCfg = Release|Any CPU
		{A88DDA32-D985-4C78-A43E-7D6E1317AD75}.Debug|Any CPU.ActiveCfg = Debug|Any CPU
		{A88DDA32-D985-4C78-A43E-7D6E1317AD75}.Debug|Any CPU.Build.0 = Debug|Any CPU
		{A88DDA32-D985-4C78-A43E-7D6E1317AD75}.Debug|Mixed Platforms.ActiveCfg = Debug|Any CPU
		{A88DDA32-D985-4C78-A43E-7D6E1317AD75}.Debug|Mixed Platforms.Build.0 = Debug|Any CPU
		{A88DDA32-D985-4C78-A43E-7D6E1317AD75}.Debug|Win32.ActiveCfg = Debug|Any CPU
		{A88DDA32-D985-4C78-A43E-7D6E1317AD75}.Debug|Win32.Build.0 = Debug|Any CPU
		{A88DDA32-D985-4C78-A43E-7D6E1317AD75}.Debug|x64.ActiveCfg = Debug|Any CPU
		{A88DDA32-D985-4C78-A43E-7D6E1317AD75}.Debug|x64.Build.0 = Debug|Any CPU
		{A88DDA32-D985-4C78-A43E-7D6E1317AD75}.Profile|Any CPU.ActiveCfg = Release|Any CPU
		{A88DDA32-D985-4C78-A43E-7D6E1317AD75}.Profile|Any CPU.Build.0 = Release|Any CPU
		{A88DDA32-D985-4C78-A43E-7D6E1317AD75}.Profile|Mixed Platforms.ActiveCfg = Release|Any CPU
		{A88DDA32-D985-4C78-A43E-7D6E1317AD75}.Profile|Mixed Platforms.Build.0 = Release|Any CPU
		{A88DDA32-D985-4C78-A43E-7D6E1317AD75}.Profile|Win32.ActiveCfg = Release|Any CPU
		{A88DDA32-D985-4C78-A43E-7D6E1317AD75}.Profile|Win32.Build.0 = Release|Any CPU
		{A88DDA32-D985-4C78-A43E-7D6E1317AD75}.Profile|x64.ActiveCfg = Release|Any CPU
		{A88DDA32-D985-4C78-A43E-7D6E1317AD75}.Profile|x64.Build.0 = Release|Any CPU
		{A88DDA32-D985-4C78-A43E-7D6E1317AD75}.Release - no manifest|Any CPU.ActiveCfg = Release|Any CPU
		{A88DDA32-D985-4C78-A43E-7D6E1317AD75}.Release - no manifest|Any CPU.Build.0 = Release|Any CPU
		{A88DDA32-D985-4C78-A43E-7D6E1317AD75}.Release - no manifest|Mixed Platforms.ActiveCfg = Release|Any CPU
		{A88DDA32-D985-4C78-A43E-7D6E1317AD75}.Release - no manifest|Mixed Platforms.Build.0 = Release|Any CPU
		{A88DDA32-D985-4C78-A43E-7D6E1317AD75}.Release - no manifest|Win32.ActiveCfg = Release|Any CPU
		{A88DDA32-D985-4C78-A43E-7D6E1317AD75}.Release - no manifest|Win32.Build.0 = Release|Any CPU
		{A88DDA32-D985-4C78-A43E-7D6E1317AD75}.Release - no manifest|x64.ActiveCfg = Release|Any CPU
		{A88DDA32-D985-4C78-A43E-7D6E1317AD75}.Release - no manifest|x64.Build.0 = Release|Any CPU
		{A88DDA32-D985-4C78-A43E-7D6E1317AD75}.Release|Any CPU.ActiveCfg = Release|Any CPU
		{A88DDA32-D985-4C78-A43E-7D6E1317AD75}.Release|Any CPU.Build.0 = Release|Any CPU
		{A88DDA32-D985-4C78-A43E-7D6E1317AD75}.Release|Mixed Platforms.ActiveCfg = Release|Any CPU
		{A88DDA32-D985-4C78-A43E-7D6E1317AD75}.Release|Mixed Platforms.Build.0 = Release|Any CPU
		{A88DDA32-D985-4C78-A43E-7D6E1317AD75}.Release|Win32.ActiveCfg = Release|Any CPU
		{A88DDA32-D985-4C78-A43E-7D6E1317AD75}.Release|Win32.Build.0 = Release|Any CPU
		{A88DDA32-D985-4C78-A43E-7D6E1317AD75}.Release|x64.ActiveCfg = Release|Any CPU
		{A88DDA32-D985-4C78-A43E-7D6E1317AD75}.Release|x64.Build.0 = Release|Any CPU
		{125A88DF-56B0-4738-9D43-401178C2FCE1}.Debug|Any CPU.ActiveCfg = Debug|Any CPU
		{125A88DF-56B0-4738-9D43-401178C2FCE1}.Debug|Any CPU.Build.0 = Debug|Any CPU
		{125A88DF-56B0-4738-9D43-401178C2FCE1}.Debug|Mixed Platforms.ActiveCfg = Debug|Any CPU
		{125A88DF-56B0-4738-9D43-401178C2FCE1}.Debug|Mixed Platforms.Build.0 = Debug|Any CPU
		{125A88DF-56B0-4738-9D43-401178C2FCE1}.Debug|Win32.ActiveCfg = Debug|Any CPU
		{125A88DF-56B0-4738-9D43-401178C2FCE1}.Debug|Win32.Build.0 = Debug|Any CPU
		{125A88DF-56B0-4738-9D43-401178C2FCE1}.Debug|x64.ActiveCfg = Debug|Any CPU
		{125A88DF-56B0-4738-9D43-401178C2FCE1}.Debug|x64.Build.0 = Debug|Any CPU
		{125A88DF-56B0-4738-9D43-401178C2FCE1}.Profile|Any CPU.ActiveCfg = Release|Any CPU
		{125A88DF-56B0-4738-9D43-401178C2FCE1}.Profile|Any CPU.Build.0 = Release|Any CPU
		{125A88DF-56B0-4738-9D43-401178C2FCE1}.Profile|Mixed Platforms.ActiveCfg = Release|Any CPU
		{125A88DF-56B0-4738-9D43-401178C2FCE1}.Profile|Mixed Platforms.Build.0 = Release|Any CPU
		{125A88DF-56B0-4738-9D43-401178C2FCE1}.Profile|Win32.ActiveCfg = Release|Any CPU
		{125A88DF-56B0-4738-9D43-401178C2FCE1}.Profile|Win32.Build.0 = Release|Any CPU
		{125A88DF-56B0-4738-9D43-401178C2FCE1}.Profile|x64.ActiveCfg = Release|Any CPU
		{125A88DF-56B0-4738-9D43-401178C2FCE1}.Profile|x64.Build.0 = Release|Any CPU
		{125A88DF-56B0-4738-9D43-401178C2FCE1}.Release - no manifest|Any CPU.ActiveCfg = Release|Any CPU
		{125A88DF-56B0-4738-9D43-401178C2FCE1}.Release - no manifest|Any CPU.Build.0 = Release|Any CPU
		{125A88DF-56B0-4738-9D43-401178C2FCE1}.Release - no manifest|Mixed Platforms.ActiveCfg = Release|Any CPU
		{125A88DF-56B0-4738-9D43-401178C2FCE1}.Release - no manifest|Mixed Platforms.Build.0 = Release|Any CPU
		{125A88DF-56B0-4738-9D43-401178C2FCE1}.Release - no manifest|Win32.ActiveCfg = Release|Any CPU
		{125A88DF-56B0-4738-9D43-401178C2FCE1}.Release - no manifest|Win32.Build.0 = Release|Any CPU
		{125A88DF-56B0-4738-9D43-401178C2FCE1}.Release - no manifest|x64.ActiveCfg = Release|Any CPU
		{125A88DF-56B0-4738-9D43-401178C2FCE1}.Release - no manifest|x64.Build.0 = Release|Any CPU
		{125A88DF-56B0-4738-9D43-401178C2FCE1}.Release|Any CPU.ActiveCfg = Release|Any CPU
		{125A88DF-56B0-4738-9D43-401178C2FCE1}.Release|Any CPU.Build.0 = Release|Any CPU
		{125A88DF-56B0-4738-9D43-401178C2FCE1}.Release|Mixed Platforms.ActiveCfg = Release|Any CPU
		{125A88DF-56B0-4738-9D43-401178C2FCE1}.Release|Mixed Platforms.Build.0 = Release|Any CPU
		{125A88DF-56B0-4738-9D43-401178C2FCE1}.Release|Win32.ActiveCfg = Release|Any CPU
		{125A88DF-56B0-4738-9D43-401178C2FCE1}.Release|Win32.Build.0 = Release|Any CPU
		{125A88DF-56B0-4738-9D43-401178C2FCE1}.Release|x64.ActiveCfg = Release|Any CPU
		{125A88DF-56B0-4738-9D43-401178C2FCE1}.Release|x64.Build.0 = Release|Any CPU
		{6A47C6CB-A423-40BA-BBA2-49678EE148E7}.Debug|Any CPU.ActiveCfg = Debug|Any CPU
		{6A47C6CB-A423-40BA-BBA2-49678EE148E7}.Debug|Any CPU.Build.0 = Debug|Any CPU
		{6A47C6CB-A423-40BA-BBA2-49678EE148E7}.Debug|Mixed Platforms.ActiveCfg = Debug|Any CPU
		{6A47C6CB-A423-40BA-BBA2-49678EE148E7}.Debug|Mixed Platforms.Build.0 = Debug|Any CPU
		{6A47C6CB-A423-40BA-BBA2-49678EE148E7}.Debug|Win32.ActiveCfg = Debug|Any CPU
		{6A47C6CB-A423-40BA-BBA2-49678EE148E7}.Debug|Win32.Build.0 = Debug|Any CPU
		{6A47C6CB-A423-40BA-BBA2-49678EE148E7}.Debug|x64.ActiveCfg = Debug|Any CPU
		{6A47C6CB-A423-40BA-BBA2-49678EE148E7}.Debug|x64.Build.0 = Debug|Any CPU
		{6A47C6CB-A423-40BA-BBA2-49678EE148E7}.Profile|Any CPU.ActiveCfg = Release|Any CPU
		{6A47C6CB-A423-40BA-BBA2-49678EE148E7}.Profile|Any CPU.Build.0 = Release|Any CPU
		{6A47C6CB-A423-40BA-BBA2-49678EE148E7}.Profile|Mixed Platforms.ActiveCfg = Release|Any CPU
		{6A47C6CB-A423-40BA-BBA2-49678EE148E7}.Profile|Mixed Platforms.Build.0 = Release|Any CPU
		{6A47C6CB-A423-40BA-BBA2-49678EE148E7}.Profile|Win32.ActiveCfg = Release|Any CPU
		{6A47C6CB-A423-40BA-BBA2-49678EE148E7}.Profile|Win32.Build.0 = Release|Any CPU
		{6A47C6CB-A423-40BA-BBA2-49678EE148E7}.Profile|x64.ActiveCfg = Release|Any CPU
		{6A47C6CB-A423-40BA-BBA2-49678EE148E7}.Profile|x64.Build.0 = Release|Any CPU
		{6A47C6CB-A423-40BA-BBA2-49678EE148E7}.Release - no manifest|Any CPU.ActiveCfg = Release|Any CPU
		{6A47C6CB-A423-40BA-BBA2-49678EE148E7}.Release - no manifest|Any CPU.Build.0 = Release|Any CPU
		{6A47C6CB-A423-40BA-BBA2-49678EE148E7}.Release - no manifest|Mixed Platforms.ActiveCfg = Release|Any CPU
		{6A47C6CB-A423-40BA-BBA2-49678EE148E7}.Release - no manifest|Mixed Platforms.Build.0 = Release|Any CPU
		{6A47C6CB-A423-40BA-BBA2-49678EE148E7}.Release - no manifest|Win32.ActiveCfg = Release|Any CPU
		{6A47C6CB-A423-40BA-BBA2-49678EE148E7}.Release - no manifest|Win32.Build.0 = Release|Any CPU
		{6A47C6CB-A423-40BA-BBA2-49678EE148E7}.Release - no manifest|x64.ActiveCfg = Release|Any CPU
		{6A47C6CB-A423-40BA-BBA2-49678EE148E7}.Release - no manifest|x64.Build.0 = Release|Any CPU
		{6A47C6CB-A423-40BA-BBA2-49678EE148E7}.Release|Any CPU.ActiveCfg = Release|Any CPU
		{6A47C6CB-A423-40BA-BBA2-49678EE148E7}.Release|Any CPU.Build.0 = Release|Any CPU
		{6A47C6CB-A423-40BA-BBA2-49678EE148E7}.Release|Mixed Platforms.ActiveCfg = Release|Any CPU
		{6A47C6CB-A423-40BA-BBA2-49678EE148E7}.Release|Mixed Platforms.Build.0 = Release|Any CPU
		{6A47C6CB-A423-40BA-BBA2-49678EE148E7}.Release|Win32.ActiveCfg = Release|Any CPU
		{6A47C6CB-A423-40BA-BBA2-49678EE148E7}.Release|Win32.Build.0 = Release|Any CPU
		{6A47C6CB-A423-40BA-BBA2-49678EE148E7}.Release|x64.ActiveCfg = Release|Any CPU
		{6A47C6CB-A423-40BA-BBA2-49678EE148E7}.Release|x64.Build.0 = Release|Any CPU
		{98756F38-19E1-4067-926C-79401E6AF092}.Debug|Any CPU.ActiveCfg = Debug|x64
		{98756F38-19E1-4067-926C-79401E6AF092}.Debug|Mixed Platforms.ActiveCfg = Debug|Win32
		{98756F38-19E1-4067-926C-79401E6AF092}.Debug|Mixed Platforms.Build.0 = Debug|Win32
		{98756F38-19E1-4067-926C-79401E6AF092}.Debug|Win32.ActiveCfg = Debug|Win32
		{98756F38-19E1-4067-926C-79401E6AF092}.Debug|Win32.Build.0 = Debug|Win32
		{98756F38-19E1-4067-926C-79401E6AF092}.Debug|x64.ActiveCfg = Debug|x64
		{98756F38-19E1-4067-926C-79401E6AF092}.Debug|x64.Build.0 = Debug|x64
		{98756F38-19E1-4067-926C-79401E6AF092}.Profile|Any CPU.ActiveCfg = Release|Win32
		{98756F38-19E1-4067-926C-79401E6AF092}.Profile|Any CPU.Build.0 = Release|Win32
		{98756F38-19E1-4067-926C-79401E6AF092}.Profile|Mixed Platforms.ActiveCfg = Release|Win32
		{98756F38-19E1-4067-926C-79401E6AF092}.Profile|Mixed Platforms.Build.0 = Release|Win32
		{98756F38-19E1-4067-926C-79401E6AF092}.Profile|Win32.ActiveCfg = Release|Win32
		{98756F38-19E1-4067-926C-79401E6AF092}.Profile|Win32.Build.0 = Release|Win32
		{98756F38-19E1-4067-926C-79401E6AF092}.Profile|x64.ActiveCfg = Release|x64
		{98756F38-19E1-4067-926C-79401E6AF092}.Profile|x64.Build.0 = Release|x64
		{98756F38-19E1-4067-926C-79401E6AF092}.Release - no manifest|Any CPU.ActiveCfg = Release|x64
		{98756F38-19E1-4067-926C-79401E6AF092}.Release - no manifest|Any CPU.Build.0 = Release|x64
		{98756F38-19E1-4067-926C-79401E6AF092}.Release - no manifest|Mixed Platforms.ActiveCfg = Release|Win32
		{98756F38-19E1-4067-926C-79401E6AF092}.Release - no manifest|Mixed Platforms.Build.0 = Release|Win32
		{98756F38-19E1-4067-926C-79401E6AF092}.Release - no manifest|Win32.ActiveCfg = Release|Win32
		{98756F38-19E1-4067-926C-79401E6AF092}.Release - no manifest|Win32.Build.0 = Release|Win32
		{98756F38-19E1-4067-926C-79401E6AF092}.Release - no manifest|x64.ActiveCfg = Release|x64
		{98756F38-19E1-4067-926C-79401E6AF092}.Release - no manifest|x64.Build.0 = Release|x64
		{98756F38-19E1-4067-926C-79401E6AF092}.Release|Any CPU.ActiveCfg = Release|x64
		{98756F38-19E1-4067-926C-79401E6AF092}.Release|Mixed Platforms.ActiveCfg = Release|Win32
		{98756F38-19E1-4067-926C-79401E6AF092}.Release|Mixed Platforms.Build.0 = Release|Win32
		{98756F38-19E1-4067-926C-79401E6AF092}.Release|Win32.ActiveCfg = Release|Win32
		{98756F38-19E1-4067-926C-79401E6AF092}.Release|Win32.Build.0 = Release|Win32
		{98756F38-19E1-4067-926C-79401E6AF092}.Release|x64.ActiveCfg = Release|x64
		{98756F38-19E1-4067-926C-79401E6AF092}.Release|x64.Build.0 = Release|x64
		{484BA866-0A3C-4430-A778-03127CEE8FCB}.Debug|Any CPU.ActiveCfg = Debug
		{484BA866-0A3C-4430-A778-03127CEE8FCB}.Debug|Any CPU.Build.0 = Debug
		{484BA866-0A3C-4430-A778-03127CEE8FCB}.Debug|Any CPU.Deploy.0 = Debug
		{484BA866-0A3C-4430-A778-03127CEE8FCB}.Debug|Mixed Platforms.ActiveCfg = Debug
		{484BA866-0A3C-4430-A778-03127CEE8FCB}.Debug|Win32.ActiveCfg = Debug
		{484BA866-0A3C-4430-A778-03127CEE8FCB}.Debug|x64.ActiveCfg = Debug
		{484BA866-0A3C-4430-A778-03127CEE8FCB}.Profile|Any CPU.ActiveCfg = Release
		{484BA866-0A3C-4430-A778-03127CEE8FCB}.Profile|Any CPU.Build.0 = Release
		{484BA866-0A3C-4430-A778-03127CEE8FCB}.Profile|Mixed Platforms.ActiveCfg = Release
		{484BA866-0A3C-4430-A778-03127CEE8FCB}.Profile|Mixed Platforms.Build.0 = Release
		{484BA866-0A3C-4430-A778-03127CEE8FCB}.Profile|Win32.ActiveCfg = Release
		{484BA866-0A3C-4430-A778-03127CEE8FCB}.Profile|Win32.Build.0 = Release
		{484BA866-0A3C-4430-A778-03127CEE8FCB}.Profile|x64.ActiveCfg = Release
		{484BA866-0A3C-4430-A778-03127CEE8FCB}.Profile|x64.Build.0 = Release
		{484BA866-0A3C-4430-A778-03127CEE8FCB}.Release - no manifest|Any CPU.ActiveCfg = Release
		{484BA866-0A3C-4430-A778-03127CEE8FCB}.Release - no manifest|Mixed Platforms.ActiveCfg = Release
		{484BA866-0A3C-4430-A778-03127CEE8FCB}.Release - no manifest|Win32.ActiveCfg = Release
		{484BA866-0A3C-4430-A778-03127CEE8FCB}.Release - no manifest|x64.ActiveCfg = Release
		{484BA866-0A3C-4430-A778-03127CEE8FCB}.Release|Any CPU.ActiveCfg = Release
		{484BA866-0A3C-4430-A778-03127CEE8FCB}.Release|Any CPU.Build.0 = Release
		{484BA866-0A3C-4430-A778-03127CEE8FCB}.Release|Mixed Platforms.ActiveCfg = Release
		{484BA866-0A3C-4430-A778-03127CEE8FCB}.Release|Win32.ActiveCfg = Release
		{484BA866-0A3C-4430-A778-03127CEE8FCB}.Release|x64.ActiveCfg = Release
		{5B33CBA1-CEC4-4358-AE96-8AF61063BB75}.Debug|Any CPU.ActiveCfg = Debug|Any CPU
		{5B33CBA1-CEC4-4358-AE96-8AF61063BB75}.Debug|Any CPU.Build.0 = Debug|Any CPU
		{5B33CBA1-CEC4-4358-AE96-8AF61063BB75}.Debug|Mixed Platforms.ActiveCfg = Debug|Any CPU
		{5B33CBA1-CEC4-4358-AE96-8AF61063BB75}.Debug|Mixed Platforms.Build.0 = Debug|Any CPU
		{5B33CBA1-CEC4-4358-AE96-8AF61063BB75}.Debug|Win32.ActiveCfg = Debug|Any CPU
		{5B33CBA1-CEC4-4358-AE96-8AF61063BB75}.Debug|Win32.Build.0 = Debug|Any CPU
		{5B33CBA1-CEC4-4358-AE96-8AF61063BB75}.Debug|x64.ActiveCfg = Debug|Any CPU
		{5B33CBA1-CEC4-4358-AE96-8AF61063BB75}.Debug|x64.Build.0 = Debug|Any CPU
		{5B33CBA1-CEC4-4358-AE96-8AF61063BB75}.Profile|Any CPU.ActiveCfg = Release|Any CPU
		{5B33CBA1-CEC4-4358-AE96-8AF61063BB75}.Profile|Any CPU.Build.0 = Release|Any CPU
		{5B33CBA1-CEC4-4358-AE96-8AF61063BB75}.Profile|Mixed Platforms.ActiveCfg = Release|Any CPU
		{5B33CBA1-CEC4-4358-AE96-8AF61063BB75}.Profile|Mixed Platforms.Build.0 = Release|Any CPU
		{5B33CBA1-CEC4-4358-AE96-8AF61063BB75}.Profile|Win32.ActiveCfg = Release|Any CPU
		{5B33CBA1-CEC4-4358-AE96-8AF61063BB75}.Profile|Win32.Build.0 = Release|Any CPU
		{5B33CBA1-CEC4-4358-AE96-8AF61063BB75}.Profile|x64.ActiveCfg = Release|Any CPU
		{5B33CBA1-CEC4-4358-AE96-8AF61063BB75}.Profile|x64.Build.0 = Release|Any CPU
		{5B33CBA1-CEC4-4358-AE96-8AF61063BB75}.Release - no manifest|Any CPU.ActiveCfg = Release|Any CPU
		{5B33CBA1-CEC4-4358-AE96-8AF61063BB75}.Release - no manifest|Any CPU.Build.0 = Release|Any CPU
		{5B33CBA1-CEC4-4358-AE96-8AF61063BB75}.Release - no manifest|Mixed Platforms.ActiveCfg = Release|Any CPU
		{5B33CBA1-CEC4-4358-AE96-8AF61063BB75}.Release - no manifest|Mixed Platforms.Build.0 = Release|Any CPU
		{5B33CBA1-CEC4-4358-AE96-8AF61063BB75}.Release - no manifest|Win32.ActiveCfg = Release|Any CPU
		{5B33CBA1-CEC4-4358-AE96-8AF61063BB75}.Release - no manifest|Win32.Build.0 = Release|Any CPU
		{5B33CBA1-CEC4-4358-AE96-8AF61063BB75}.Release - no manifest|x64.ActiveCfg = Release|Any CPU
		{5B33CBA1-CEC4-4358-AE96-8AF61063BB75}.Release - no manifest|x64.Build.0 = Release|Any CPU
		{5B33CBA1-CEC4-4358-AE96-8AF61063BB75}.Release|Any CPU.ActiveCfg = Release|Any CPU
		{5B33CBA1-CEC4-4358-AE96-8AF61063BB75}.Release|Any CPU.Build.0 = Release|Any CPU
		{5B33CBA1-CEC4-4358-AE96-8AF61063BB75}.Release|Mixed Platforms.ActiveCfg = Release|Any CPU
		{5B33CBA1-CEC4-4358-AE96-8AF61063BB75}.Release|Mixed Platforms.Build.0 = Release|Any CPU
		{5B33CBA1-CEC4-4358-AE96-8AF61063BB75}.Release|Win32.ActiveCfg = Release|Any CPU
		{5B33CBA1-CEC4-4358-AE96-8AF61063BB75}.Release|Win32.Build.0 = Release|Any CPU
		{5B33CBA1-CEC4-4358-AE96-8AF61063BB75}.Release|x64.ActiveCfg = Release|Any CPU
		{5B33CBA1-CEC4-4358-AE96-8AF61063BB75}.Release|x64.Build.0 = Release|Any CPU
		{371B9FA9-4C90-4AC6-A123-ACED756D6C77}.Debug|Any CPU.ActiveCfg = Debug|x64
		{371B9FA9-4C90-4AC6-A123-ACED756D6C77}.Debug|Mixed Platforms.ActiveCfg = Debug|Win32
		{371B9FA9-4C90-4AC6-A123-ACED756D6C77}.Debug|Mixed Platforms.Build.0 = Debug|Win32
		{371B9FA9-4C90-4AC6-A123-ACED756D6C77}.Debug|Win32.ActiveCfg = Debug|Win32
		{371B9FA9-4C90-4AC6-A123-ACED756D6C77}.Debug|Win32.Build.0 = Debug|Win32
		{371B9FA9-4C90-4AC6-A123-ACED756D6C77}.Debug|x64.ActiveCfg = Debug|x64
		{371B9FA9-4C90-4AC6-A123-ACED756D6C77}.Debug|x64.Build.0 = Debug|x64
		{371B9FA9-4C90-4AC6-A123-ACED756D6C77}.Profile|Any CPU.ActiveCfg = Profile|Win32
		{371B9FA9-4C90-4AC6-A123-ACED756D6C77}.Profile|Mixed Platforms.ActiveCfg = Profile|Win32
		{371B9FA9-4C90-4AC6-A123-ACED756D6C77}.Profile|Mixed Platforms.Build.0 = Profile|Win32
		{371B9FA9-4C90-4AC6-A123-ACED756D6C77}.Profile|Win32.ActiveCfg = Profile|Win32
		{371B9FA9-4C90-4AC6-A123-ACED756D6C77}.Profile|Win32.Build.0 = Profile|Win32
		{371B9FA9-4C90-4AC6-A123-ACED756D6C77}.Profile|x64.ActiveCfg = Profile|x64
		{371B9FA9-4C90-4AC6-A123-ACED756D6C77}.Profile|x64.Build.0 = Profile|x64
		{371B9FA9-4C90-4AC6-A123-ACED756D6C77}.Release - no manifest|Any CPU.ActiveCfg = Release|x64
		{371B9FA9-4C90-4AC6-A123-ACED756D6C77}.Release - no manifest|Any CPU.Build.0 = Release|x64
		{371B9FA9-4C90-4AC6-A123-ACED756D6C77}.Release - no manifest|Mixed Platforms.ActiveCfg = Release|Win32
		{371B9FA9-4C90-4AC6-A123-ACED756D6C77}.Release - no manifest|Mixed Platforms.Build.0 = Release|Win32
		{371B9FA9-4C90-4AC6-A123-ACED756D6C77}.Release - no manifest|Win32.ActiveCfg = Release|Win32
		{371B9FA9-4C90-4AC6-A123-ACED756D6C77}.Release - no manifest|Win32.Build.0 = Release|Win32
		{371B9FA9-4C90-4AC6-A123-ACED756D6C77}.Release - no manifest|x64.ActiveCfg = Release|x64
		{371B9FA9-4C90-4AC6-A123-ACED756D6C77}.Release - no manifest|x64.Build.0 = Release|x64
		{371B9FA9-4C90-4AC6-A123-ACED756D6C77}.Release|Any CPU.ActiveCfg = Release|x64
		{371B9FA9-4C90-4AC6-A123-ACED756D6C77}.Release|Mixed Platforms.ActiveCfg = Release|Win32
		{371B9FA9-4C90-4AC6-A123-ACED756D6C77}.Release|Mixed Platforms.Build.0 = Release|Win32
		{371B9FA9-4C90-4AC6-A123-ACED756D6C77}.Release|Win32.ActiveCfg = Release|Win32
		{371B9FA9-4C90-4AC6-A123-ACED756D6C77}.Release|Win32.Build.0 = Release|Win32
		{371B9FA9-4C90-4AC6-A123-ACED756D6C77}.Release|x64.ActiveCfg = Release|x64
		{371B9FA9-4C90-4AC6-A123-ACED756D6C77}.Release|x64.Build.0 = Release|x64
		{E0B52AE7-E160-4D32-BF3F-910B785E5A8E}.Debug|Any CPU.ActiveCfg = Debug|x64
		{E0B52AE7-E160-4D32-BF3F-910B785E5A8E}.Debug|Mixed Platforms.ActiveCfg = Debug|Win32
		{E0B52AE7-E160-4D32-BF3F-910B785E5A8E}.Debug|Mixed Platforms.Build.0 = Debug|Win32
		{E0B52AE7-E160-4D32-BF3F-910B785E5A8E}.Debug|Win32.ActiveCfg = Debug|Win32
		{E0B52AE7-E160-4D32-BF3F-910B785E5A8E}.Debug|Win32.Build.0 = Debug|Win32
		{E0B52AE7-E160-4D32-BF3F-910B785E5A8E}.Debug|x64.ActiveCfg = Debug|x64
		{E0B52AE7-E160-4D32-BF3F-910B785E5A8E}.Debug|x64.Build.0 = Debug|x64
		{E0B52AE7-E160-4D32-BF3F-910B785E5A8E}.Profile|Any CPU.ActiveCfg = Release|x64
		{E0B52AE7-E160-4D32-BF3F-910B785E5A8E}.Profile|Any CPU.Build.0 = Release|x64
		{E0B52AE7-E160-4D32-BF3F-910B785E5A8E}.Profile|Mixed Platforms.ActiveCfg = Release|Win32
		{E0B52AE7-E160-4D32-BF3F-910B785E5A8E}.Profile|Mixed Platforms.Build.0 = Release|Win32
		{E0B52AE7-E160-4D32-BF3F-910B785E5A8E}.Profile|Win32.ActiveCfg = Release|Win32
		{E0B52AE7-E160-4D32-BF3F-910B785E5A8E}.Profile|Win32.Build.0 = Release|Win32
		{E0B52AE7-E160-4D32-BF3F-910B785E5A8E}.Profile|x64.ActiveCfg = Release|x64
		{E0B52AE7-E160-4D32-BF3F-910B785E5A8E}.Profile|x64.Build.0 = Release|x64
		{E0B52AE7-E160-4D32-BF3F-910B785E5A8E}.Release - no manifest|Any CPU.ActiveCfg = Release|x64
		{E0B52AE7-E160-4D32-BF3F-910B785E5A8E}.Release - no manifest|Any CPU.Build.0 = Release|x64
		{E0B52AE7-E160-4D32-BF3F-910B785E5A8E}.Release - no manifest|Mixed Platforms.ActiveCfg = Release|Win32
		{E0B52AE7-E160-4D32-BF3F-910B785E5A8E}.Release - no manifest|Mixed Platforms.Build.0 = Release|Win32
		{E0B52AE7-E160-4D32-BF3F-910B785E5A8E}.Release - no manifest|Win32.ActiveCfg = Release|Win32
		{E0B52AE7-E160-4D32-BF3F-910B785E5A8E}.Release - no manifest|Win32.Build.0 = Release|Win32
		{E0B52AE7-E160-4D32-BF3F-910B785E5A8E}.Release - no manifest|x64.ActiveCfg = Release|x64
		{E0B52AE7-E160-4D32-BF3F-910B785E5A8E}.Release - no manifest|x64.Build.0 = Release|x64
		{E0B52AE7-E160-4D32-BF3F-910B785E5A8E}.Release|Any CPU.ActiveCfg = Release|x64
		{E0B52AE7-E160-4D32-BF3F-910B785E5A8E}.Release|Mixed Platforms.ActiveCfg = Release|Win32
		{E0B52AE7-E160-4D32-BF3F-910B785E5A8E}.Release|Mixed Platforms.Build.0 = Release|Win32
		{E0B52AE7-E160-4D32-BF3F-910B785E5A8E}.Release|Win32.ActiveCfg = Release|Win32
		{E0B52AE7-E160-4D32-BF3F-910B785E5A8E}.Release|Win32.Build.0 = Release|Win32
		{E0B52AE7-E160-4D32-BF3F-910B785E5A8E}.Release|x64.ActiveCfg = Release|x64
		{E0B52AE7-E160-4D32-BF3F-910B785E5A8E}.Release|x64.Build.0 = Release|x64
		{CD64C7BF-8A8F-45AA-90B1-FD2E073C3EF6}.Debug|Any CPU.ActiveCfg = Debug|Any CPU
		{CD64C7BF-8A8F-45AA-90B1-FD2E073C3EF6}.Debug|Any CPU.Build.0 = Debug|Any CPU
		{CD64C7BF-8A8F-45AA-90B1-FD2E073C3EF6}.Debug|Mixed Platforms.ActiveCfg = Debug|Any CPU
		{CD64C7BF-8A8F-45AA-90B1-FD2E073C3EF6}.Debug|Mixed Platforms.Build.0 = Debug|Any CPU
		{CD64C7BF-8A8F-45AA-90B1-FD2E073C3EF6}.Debug|Win32.ActiveCfg = Debug|Any CPU
		{CD64C7BF-8A8F-45AA-90B1-FD2E073C3EF6}.Debug|Win32.Build.0 = Debug|Any CPU
		{CD64C7BF-8A8F-45AA-90B1-FD2E073C3EF6}.Debug|x64.ActiveCfg = Debug|Any CPU
		{CD64C7BF-8A8F-45AA-90B1-FD2E073C3EF6}.Debug|x64.Build.0 = Debug|Any CPU
		{CD64C7BF-8A8F-45AA-90B1-FD2E073C3EF6}.Profile|Any CPU.ActiveCfg = Release|Any CPU
		{CD64C7BF-8A8F-45AA-90B1-FD2E073C3EF6}.Profile|Any CPU.Build.0 = Release|Any CPU
		{CD64C7BF-8A8F-45AA-90B1-FD2E073C3EF6}.Profile|Mixed Platforms.ActiveCfg = Release|Any CPU
		{CD64C7BF-8A8F-45AA-90B1-FD2E073C3EF6}.Profile|Mixed Platforms.Build.0 = Release|Any CPU
		{CD64C7BF-8A8F-45AA-90B1-FD2E073C3EF6}.Profile|Win32.ActiveCfg = Release|Any CPU
		{CD64C7BF-8A8F-45AA-90B1-FD2E073C3EF6}.Profile|Win32.Build.0 = Release|Any CPU
		{CD64C7BF-8A8F-45AA-90B1-FD2E073C3EF6}.Profile|x64.ActiveCfg = Release|Any CPU
		{CD64C7BF-8A8F-45AA-90B1-FD2E073C3EF6}.Profile|x64.Build.0 = Release|Any CPU
		{CD64C7BF-8A8F-45AA-90B1-FD2E073C3EF6}.Release - no manifest|Any CPU.ActiveCfg = Release|Any CPU
		{CD64C7BF-8A8F-45AA-90B1-FD2E073C3EF6}.Release - no manifest|Any CPU.Build.0 = Release|Any CPU
		{CD64C7BF-8A8F-45AA-90B1-FD2E073C3EF6}.Release - no manifest|Mixed Platforms.ActiveCfg = Release|Any CPU
		{CD64C7BF-8A8F-45AA-90B1-FD2E073C3EF6}.Release - no manifest|Mixed Platforms.Build.0 = Release|Any CPU
		{CD64C7BF-8A8F-45AA-90B1-FD2E073C3EF6}.Release - no manifest|Win32.ActiveCfg = Release|Any CPU
		{CD64C7BF-8A8F-45AA-90B1-FD2E073C3EF6}.Release - no manifest|Win32.Build.0 = Release|Any CPU
		{CD64C7BF-8A8F-45AA-90B1-FD2E073C3EF6}.Release - no manifest|x64.ActiveCfg = Release|Any CPU
		{CD64C7BF-8A8F-45AA-90B1-FD2E073C3EF6}.Release - no manifest|x64.Build.0 = Release|Any CPU
		{CD64C7BF-8A8F-45AA-90B1-FD2E073C3EF6}.Release|Any CPU.ActiveCfg = Release|Any CPU
		{CD64C7BF-8A8F-45AA-90B1-FD2E073C3EF6}.Release|Any CPU.Build.0 = Release|Any CPU
		{CD64C7BF-8A8F-45AA-90B1-FD2E073C3EF6}.Release|Mixed Platforms.ActiveCfg = Release|Any CPU
		{CD64C7BF-8A8F-45AA-90B1-FD2E073C3EF6}.Release|Mixed Platforms.Build.0 = Release|Any CPU
		{CD64C7BF-8A8F-45AA-90B1-FD2E073C3EF6}.Release|Win32.ActiveCfg = Release|Any CPU
		{CD64C7BF-8A8F-45AA-90B1-FD2E073C3EF6}.Release|Win32.Build.0 = Release|Any CPU
		{CD64C7BF-8A8F-45AA-90B1-FD2E073C3EF6}.Release|x64.ActiveCfg = Release|Any CPU
		{CD64C7BF-8A8F-45AA-90B1-FD2E073C3EF6}.Release|x64.Build.0 = Release|Any CPU
		{3DF9A073-E6BB-4C85-8B72-E4FD51B0F23E}.Debug|Any CPU.ActiveCfg = Debug|Any CPU
		{3DF9A073-E6BB-4C85-8B72-E4FD51B0F23E}.Debug|Any CPU.Build.0 = Debug|Any CPU
		{3DF9A073-E6BB-4C85-8B72-E4FD51B0F23E}.Debug|Mixed Platforms.ActiveCfg = Debug|Any CPU
		{3DF9A073-E6BB-4C85-8B72-E4FD51B0F23E}.Debug|Mixed Platforms.Build.0 = Debug|Any CPU
		{3DF9A073-E6BB-4C85-8B72-E4FD51B0F23E}.Debug|Win32.ActiveCfg = Debug|Any CPU
		{3DF9A073-E6BB-4C85-8B72-E4FD51B0F23E}.Debug|Win32.Build.0 = Debug|Any CPU
		{3DF9A073-E6BB-4C85-8B72-E4FD51B0F23E}.Debug|x64.ActiveCfg = Debug|Any CPU
		{3DF9A073-E6BB-4C85-8B72-E4FD51B0F23E}.Debug|x64.Build.0 = Debug|Any CPU
		{3DF9A073-E6BB-4C85-8B72-E4FD51B0F23E}.Profile|Any CPU.ActiveCfg = Release|Any CPU
		{3DF9A073-E6BB-4C85-8B72-E4FD51B0F23E}.Profile|Any CPU.Build.0 = Release|Any CPU
		{3DF9A073-E6BB-4C85-8B72-E4FD51B0F23E}.Profile|Mixed Platforms.ActiveCfg = Release|Any CPU
		{3DF9A073-E6BB-4C85-8B72-E4FD51B0F23E}.Profile|Mixed Platforms.Build.0 = Release|Any CPU
		{3DF9A073-E6BB-4C85-8B72-E4FD51B0F23E}.Profile|Win32.ActiveCfg = Release|Any CPU
		{3DF9A073-E6BB-4C85-8B72-E4FD51B0F23E}.Profile|Win32.Build.0 = Release|Any CPU
		{3DF9A073-E6BB-4C85-8B72-E4FD51B0F23E}.Profile|x64.ActiveCfg = Release|Any CPU
		{3DF9A073-E6BB-4C85-8B72-E4FD51B0F23E}.Profile|x64.Build.0 = Release|Any CPU
		{3DF9A073-E6BB-4C85-8B72-E4FD51B0F23E}.Release - no manifest|Any CPU.ActiveCfg = Release|Any CPU
		{3DF9A073-E6BB-4C85-8B72-E4FD51B0F23E}.Release - no manifest|Any CPU.Build.0 = Release|Any CPU
		{3DF9A073-E6BB-4C85-8B72-E4FD51B0F23E}.Release - no manifest|Mixed Platforms.ActiveCfg = Release|Any CPU
		{3DF9A073-E6BB-4C85-8B72-E4FD51B0F23E}.Release - no manifest|Mixed Platforms.Build.0 = Release|Any CPU
		{3DF9A073-E6BB-4C85-8B72-E4FD51B0F23E}.Release - no manifest|Win32.ActiveCfg = Release|Any CPU
		{3DF9A073-E6BB-4C85-8B72-E4FD51B0F23E}.Release - no manifest|Win32.Build.0 = Release|Any CPU
		{3DF9A073-E6BB-4C85-8B72-E4FD51B0F23E}.Release - no manifest|x64.ActiveCfg = Release|Any CPU
		{3DF9A073-E6BB-4C85-8B72-E4FD51B0F23E}.Release - no manifest|x64.Build.0 = Release|Any CPU
		{3DF9A073-E6BB-4C85-8B72-E4FD51B0F23E}.Release|Any CPU.ActiveCfg = Release|Any CPU
		{3DF9A073-E6BB-4C85-8B72-E4FD51B0F23E}.Release|Any CPU.Build.0 = Release|Any CPU
		{3DF9A073-E6BB-4C85-8B72-E4FD51B0F23E}.Release|Mixed Platforms.ActiveCfg = Release|Any CPU
		{3DF9A073-E6BB-4C85-8B72-E4FD51B0F23E}.Release|Mixed Platforms.Build.0 = Release|Any CPU
		{3DF9A073-E6BB-4C85-8B72-E4FD51B0F23E}.Release|Win32.ActiveCfg = Release|Any CPU
		{3DF9A073-E6BB-4C85-8B72-E4FD51B0F23E}.Release|Win32.Build.0 = Release|Any CPU
		{3DF9A073-E6BB-4C85-8B72-E4FD51B0F23E}.Release|x64.ActiveCfg = Release|Any CPU
		{3DF9A073-E6BB-4C85-8B72-E4FD51B0F23E}.Release|x64.Build.0 = Release|Any CPU
		{50ECDC19-0EEC-4769-92F9-76B26CD8783C}.Debug|Any CPU.ActiveCfg = Debug|Any CPU
		{50ECDC19-0EEC-4769-92F9-76B26CD8783C}.Debug|Any CPU.Build.0 = Debug|Any CPU
		{50ECDC19-0EEC-4769-92F9-76B26CD8783C}.Debug|Mixed Platforms.ActiveCfg = Debug|Any CPU
		{50ECDC19-0EEC-4769-92F9-76B26CD8783C}.Debug|Mixed Platforms.Build.0 = Debug|Any CPU
		{50ECDC19-0EEC-4769-92F9-76B26CD8783C}.Debug|Win32.ActiveCfg = Debug|Any CPU
		{50ECDC19-0EEC-4769-92F9-76B26CD8783C}.Debug|Win32.Build.0 = Debug|Any CPU
		{50ECDC19-0EEC-4769-92F9-76B26CD8783C}.Debug|x64.ActiveCfg = Debug|Any CPU
		{50ECDC19-0EEC-4769-92F9-76B26CD8783C}.Debug|x64.Build.0 = Debug|Any CPU
		{50ECDC19-0EEC-4769-92F9-76B26CD8783C}.Profile|Any CPU.ActiveCfg = Release|Any CPU
		{50ECDC19-0EEC-4769-92F9-76B26CD8783C}.Profile|Any CPU.Build.0 = Release|Any CPU
		{50ECDC19-0EEC-4769-92F9-76B26CD8783C}.Profile|Mixed Platforms.ActiveCfg = Release|Any CPU
		{50ECDC19-0EEC-4769-92F9-76B26CD8783C}.Profile|Mixed Platforms.Build.0 = Release|Any CPU
		{50ECDC19-0EEC-4769-92F9-76B26CD8783C}.Profile|Win32.ActiveCfg = Release|Any CPU
		{50ECDC19-0EEC-4769-92F9-76B26CD8783C}.Profile|Win32.Build.0 = Release|Any CPU
		{50ECDC19-0EEC-4769-92F9-76B26CD8783C}.Profile|x64.ActiveCfg = Release|Any CPU
		{50ECDC19-0EEC-4769-92F9-76B26CD8783C}.Profile|x64.Build.0 = Release|Any CPU
		{50ECDC19-0EEC-4769-92F9-76B26CD8783C}.Release - no manifest|Any CPU.ActiveCfg = Release|Any CPU
		{50ECDC19-0EEC-4769-92F9-76B26CD8783C}.Release - no manifest|Any CPU.Build.0 = Release|Any CPU
		{50ECDC19-0EEC-4769-92F9-76B26CD8783C}.Release - no manifest|Mixed Platforms.ActiveCfg = Release|Any CPU
		{50ECDC19-0EEC-4769-92F9-76B26CD8783C}.Release - no manifest|Mixed Platforms.Build.0 = Release|Any CPU
		{50ECDC19-0EEC-4769-92F9-76B26CD8783C}.Release - no manifest|Win32.ActiveCfg = Release|Any CPU
		{50ECDC19-0EEC-4769-92F9-76B26CD8783C}.Release - no manifest|Win32.Build.0 = Release|Any CPU
		{50ECDC19-0EEC-4769-92F9-76B26CD8783C}.Release - no manifest|x64.ActiveCfg = Release|Any CPU
		{50ECDC19-0EEC-4769-92F9-76B26CD8783C}.Release - no manifest|x64.Build.0 = Release|Any CPU
		{50ECDC19-0EEC-4769-92F9-76B26CD8783C}.Release|Any CPU.ActiveCfg = Release|Any CPU
		{50ECDC19-0EEC-4769-92F9-76B26CD8783C}.Release|Any CPU.Build.0 = Release|Any CPU
		{50ECDC19-0EEC-4769-92F9-76B26CD8783C}.Release|Mixed Platforms.ActiveCfg = Release|Any CPU
		{50ECDC19-0EEC-4769-92F9-76B26CD8783C}.Release|Mixed Platforms.Build.0 = Release|Any CPU
		{50ECDC19-0EEC-4769-92F9-76B26CD8783C}.Release|Win32.ActiveCfg = Release|Any CPU
		{50ECDC19-0EEC-4769-92F9-76B26CD8783C}.Release|Win32.Build.0 = Release|Any CPU
		{50ECDC19-0EEC-4769-92F9-76B26CD8783C}.Release|x64.ActiveCfg = Release|Any CPU
		{50ECDC19-0EEC-4769-92F9-76B26CD8783C}.Release|x64.Build.0 = Release|Any CPU
		{A53A75FD-46CB-4845-AFFC-728D87638A0E}.Debug|Any CPU.ActiveCfg = Debug|Any CPU
		{A53A75FD-46CB-4845-AFFC-728D87638A0E}.Debug|Any CPU.Build.0 = Debug|Any CPU
		{A53A75FD-46CB-4845-AFFC-728D87638A0E}.Debug|Mixed Platforms.ActiveCfg = Debug|Any CPU
		{A53A75FD-46CB-4845-AFFC-728D87638A0E}.Debug|Mixed Platforms.Build.0 = Debug|Any CPU
		{A53A75FD-46CB-4845-AFFC-728D87638A0E}.Debug|Win32.ActiveCfg = Debug|Any CPU
		{A53A75FD-46CB-4845-AFFC-728D87638A0E}.Debug|Win32.Build.0 = Debug|Any CPU
		{A53A75FD-46CB-4845-AFFC-728D87638A0E}.Debug|x64.ActiveCfg = Debug|Any CPU
		{A53A75FD-46CB-4845-AFFC-728D87638A0E}.Debug|x64.Build.0 = Debug|Any CPU
		{A53A75FD-46CB-4845-AFFC-728D87638A0E}.Profile|Any CPU.ActiveCfg = Release|Any CPU
		{A53A75FD-46CB-4845-AFFC-728D87638A0E}.Profile|Any CPU.Build.0 = Release|Any CPU
		{A53A75FD-46CB-4845-AFFC-728D87638A0E}.Profile|Mixed Platforms.ActiveCfg = Release|Any CPU
		{A53A75FD-46CB-4845-AFFC-728D87638A0E}.Profile|Mixed Platforms.Build.0 = Release|Any CPU
		{A53A75FD-46CB-4845-AFFC-728D87638A0E}.Profile|Win32.ActiveCfg = Release|Any CPU
		{A53A75FD-46CB-4845-AFFC-728D87638A0E}.Profile|Win32.Build.0 = Release|Any CPU
		{A53A75FD-46CB-4845-AFFC-728D87638A0E}.Profile|x64.ActiveCfg = Release|Any CPU
		{A53A75FD-46CB-4845-AFFC-728D87638A0E}.Profile|x64.Build.0 = Release|Any CPU
		{A53A75FD-46CB-4845-AFFC-728D87638A0E}.Release - no manifest|Any CPU.ActiveCfg = Release|Any CPU
		{A53A75FD-46CB-4845-AFFC-728D87638A0E}.Release - no manifest|Any CPU.Build.0 = Release|Any CPU
		{A53A75FD-46CB-4845-AFFC-728D87638A0E}.Release - no manifest|Mixed Platforms.ActiveCfg = Release|Any CPU
		{A53A75FD-46CB-4845-AFFC-728D87638A0E}.Release - no manifest|Mixed Platforms.Build.0 = Release|Any CPU
		{A53A75FD-46CB-4845-AFFC-728D87638A0E}.Release - no manifest|Win32.ActiveCfg = Release|Any CPU
		{A53A75FD-46CB-4845-AFFC-728D87638A0E}.Release - no manifest|Win32.Build.0 = Release|Any CPU
		{A53A75FD-46CB-4845-AFFC-728D87638A0E}.Release - no manifest|x64.ActiveCfg = Release|Any CPU
		{A53A75FD-46CB-4845-AFFC-728D87638A0E}.Release - no manifest|x64.Build.0 = Release|Any CPU
		{A53A75FD-46CB-4845-AFFC-728D87638A0E}.Release|Any CPU.ActiveCfg = Release|Any CPU
		{A53A75FD-46CB-4845-AFFC-728D87638A0E}.Release|Any CPU.Build.0 = Release|Any CPU
		{A53A75FD-46CB-4845-AFFC-728D87638A0E}.Release|Mixed Platforms.ActiveCfg = Release|Any CPU
		{A53A75FD-46CB-4845-AFFC-728D87638A0E}.Release|Mixed Platforms.Build.0 = Release|Any CPU
		{A53A75FD-46CB-4845-AFFC-728D87638A0E}.Release|Win32.ActiveCfg = Release|Any CPU
		{A53A75FD-46CB-4845-AFFC-728D87638A0E}.Release|Win32.Build.0 = Release|Any CPU
		{A53A75FD-46CB-4845-AFFC-728D87638A0E}.Release|x64.ActiveCfg = Release|Any CPU
		{A53A75FD-46CB-4845-AFFC-728D87638A0E}.Release|x64.Build.0 = Release|Any CPU
		{6FC85AA9-A372-4663-8B13-95EA6B49A30F}.Debug|Any CPU.ActiveCfg = Debug|Any CPU
		{6FC85AA9-A372-4663-8B13-95EA6B49A30F}.Debug|Any CPU.Build.0 = Debug|Any CPU
		{6FC85AA9-A372-4663-8B13-95EA6B49A30F}.Debug|Mixed Platforms.ActiveCfg = Debug|Any CPU
		{6FC85AA9-A372-4663-8B13-95EA6B49A30F}.Debug|Mixed Platforms.Build.0 = Debug|Any CPU
		{6FC85AA9-A372-4663-8B13-95EA6B49A30F}.Debug|Win32.ActiveCfg = Debug|Any CPU
		{6FC85AA9-A372-4663-8B13-95EA6B49A30F}.Debug|Win32.Build.0 = Debug|Any CPU
		{6FC85AA9-A372-4663-8B13-95EA6B49A30F}.Debug|x64.ActiveCfg = Debug|Any CPU
		{6FC85AA9-A372-4663-8B13-95EA6B49A30F}.Debug|x64.Build.0 = Debug|Any CPU
		{6FC85AA9-A372-4663-8B13-95EA6B49A30F}.Profile|Any CPU.ActiveCfg = Release|Any CPU
		{6FC85AA9-A372-4663-8B13-95EA6B49A30F}.Profile|Any CPU.Build.0 = Release|Any CPU
		{6FC85AA9-A372-4663-8B13-95EA6B49A30F}.Profile|Mixed Platforms.ActiveCfg = Release|Any CPU
		{6FC85AA9-A372-4663-8B13-95EA6B49A30F}.Profile|Mixed Platforms.Build.0 = Release|Any CPU
		{6FC85AA9-A372-4663-8B13-95EA6B49A30F}.Profile|Win32.ActiveCfg = Release|Any CPU
		{6FC85AA9-A372-4663-8B13-95EA6B49A30F}.Profile|Win32.Build.0 = Release|Any CPU
		{6FC85AA9-A372-4663-8B13-95EA6B49A30F}.Profile|x64.ActiveCfg = Release|Any CPU
		{6FC85AA9-A372-4663-8B13-95EA6B49A30F}.Profile|x64.Build.0 = Release|Any CPU
		{6FC85AA9-A372-4663-8B13-95EA6B49A30F}.Release - no manifest|Any CPU.ActiveCfg = Release|Any CPU
		{6FC85AA9-A372-4663-8B13-95EA6B49A30F}.Release - no manifest|Any CPU.Build.0 = Release|Any CPU
		{6FC85AA9-A372-4663-8B13-95EA6B49A30F}.Release - no manifest|Mixed Platforms.ActiveCfg = Release|Any CPU
		{6FC85AA9-A372-4663-8B13-95EA6B49A30F}.Release - no manifest|Mixed Platforms.Build.0 = Release|Any CPU
		{6FC85AA9-A372-4663-8B13-95EA6B49A30F}.Release - no manifest|Win32.ActiveCfg = Release|Any CPU
		{6FC85AA9-A372-4663-8B13-95EA6B49A30F}.Release - no manifest|Win32.Build.0 = Release|Any CPU
		{6FC85AA9-A372-4663-8B13-95EA6B49A30F}.Release - no manifest|x64.ActiveCfg = Release|Any CPU
		{6FC85AA9-A372-4663-8B13-95EA6B49A30F}.Release - no manifest|x64.Build.0 = Release|Any CPU
		{6FC85AA9-A372-4663-8B13-95EA6B49A30F}.Release|Any CPU.ActiveCfg = Release|Any CPU
		{6FC85AA9-A372-4663-8B13-95EA6B49A30F}.Release|Any CPU.Build.0 = Release|Any CPU
		{6FC85AA9-A372-4663-8B13-95EA6B49A30F}.Release|Mixed Platforms.ActiveCfg = Release|Any CPU
		{6FC85AA9-A372-4663-8B13-95EA6B49A30F}.Release|Mixed Platforms.Build.0 = Release|Any CPU
		{6FC85AA9-A372-4663-8B13-95EA6B49A30F}.Release|Win32.ActiveCfg = Release|Any CPU
		{6FC85AA9-A372-4663-8B13-95EA6B49A30F}.Release|Win32.Build.0 = Release|Any CPU
		{6FC85AA9-A372-4663-8B13-95EA6B49A30F}.Release|x64.ActiveCfg = Release|Any CPU
		{6FC85AA9-A372-4663-8B13-95EA6B49A30F}.Release|x64.Build.0 = Release|Any CPU
		{833934CF-5080-46DA-80A6-37641318A86F}.Debug|Any CPU.ActiveCfg = Debug|Any CPU
		{833934CF-5080-46DA-80A6-37641318A86F}.Debug|Any CPU.Build.0 = Debug|Any CPU
		{833934CF-5080-46DA-80A6-37641318A86F}.Debug|Mixed Platforms.ActiveCfg = Debug|Any CPU
		{833934CF-5080-46DA-80A6-37641318A86F}.Debug|Mixed Platforms.Build.0 = Debug|Any CPU
		{833934CF-5080-46DA-80A6-37641318A86F}.Debug|Win32.ActiveCfg = Debug|Any CPU
		{833934CF-5080-46DA-80A6-37641318A86F}.Debug|Win32.Build.0 = Debug|Any CPU
		{833934CF-5080-46DA-80A6-37641318A86F}.Debug|x64.ActiveCfg = Debug|Any CPU
		{833934CF-5080-46DA-80A6-37641318A86F}.Debug|x64.Build.0 = Debug|Any CPU
		{833934CF-5080-46DA-80A6-37641318A86F}.Profile|Any CPU.ActiveCfg = Release|Any CPU
		{833934CF-5080-46DA-80A6-37641318A86F}.Profile|Any CPU.Build.0 = Release|Any CPU
		{833934CF-5080-46DA-80A6-37641318A86F}.Profile|Mixed Platforms.ActiveCfg = Release|Any CPU
		{833934CF-5080-46DA-80A6-37641318A86F}.Profile|Mixed Platforms.Build.0 = Release|Any CPU
		{833934CF-5080-46DA-80A6-37641318A86F}.Profile|Win32.ActiveCfg = Release|Any CPU
		{833934CF-5080-46DA-80A6-37641318A86F}.Profile|Win32.Build.0 = Release|Any CPU
		{833934CF-5080-46DA-80A6-37641318A86F}.Profile|x64.ActiveCfg = Release|Any CPU
		{833934CF-5080-46DA-80A6-37641318A86F}.Profile|x64.Build.0 = Release|Any CPU
		{833934CF-5080-46DA-80A6-37641318A86F}.Release - no manifest|Any CPU.ActiveCfg = Release|Any CPU
		{833934CF-5080-46DA-80A6-37641318A86F}.Release - no manifest|Any CPU.Build.0 = Release|Any CPU
		{833934CF-5080-46DA-80A6-37641318A86F}.Release - no manifest|Mixed Platforms.ActiveCfg = Release|Any CPU
		{833934CF-5080-46DA-80A6-37641318A86F}.Release - no manifest|Mixed Platforms.Build.0 = Release|Any CPU
		{833934CF-5080-46DA-80A6-37641318A86F}.Release - no manifest|Win32.ActiveCfg = Release|Any CPU
		{833934CF-5080-46DA-80A6-37641318A86F}.Release - no manifest|Win32.Build.0 = Release|Any CPU
		{833934CF-5080-46DA-80A6-37641318A86F}.Release - no manifest|x64.ActiveCfg = Release|Any CPU
		{833934CF-5080-46DA-80A6-37641318A86F}.Release - no manifest|x64.Build.0 = Release|Any CPU
		{833934CF-5080-46DA-80A6-37641318A86F}.Release|Any CPU.ActiveCfg = Release|Any CPU
		{833934CF-5080-46DA-80A6-37641318A86F}.Release|Any CPU.Build.0 = Release|Any CPU
		{833934CF-5080-46DA-80A6-37641318A86F}.Release|Mixed Platforms.ActiveCfg = Release|Any CPU
		{833934CF-5080-46DA-80A6-37641318A86F}.Release|Mixed Platforms.Build.0 = Release|Any CPU
		{833934CF-5080-46DA-80A6-37641318A86F}.Release|Win32.ActiveCfg = Release|Any CPU
		{833934CF-5080-46DA-80A6-37641318A86F}.Release|Win32.Build.0 = Release|Any CPU
		{833934CF-5080-46DA-80A6-37641318A86F}.Release|x64.ActiveCfg = Release|Any CPU
		{833934CF-5080-46DA-80A6-37641318A86F}.Release|x64.Build.0 = Release|Any CPU
		{33FC4B70-E64E-4F7D-818E-E404362163A9}.Debug|Any CPU.ActiveCfg = Debug|Any CPU
		{33FC4B70-E64E-4F7D-818E-E404362163A9}.Debug|Any CPU.Build.0 = Debug|Any CPU
		{33FC4B70-E64E-4F7D-818E-E404362163A9}.Debug|Mixed Platforms.ActiveCfg = Debug|Any CPU
		{33FC4B70-E64E-4F7D-818E-E404362163A9}.Debug|Mixed Platforms.Build.0 = Debug|Any CPU
		{33FC4B70-E64E-4F7D-818E-E404362163A9}.Debug|Win32.ActiveCfg = Debug|Any CPU
		{33FC4B70-E64E-4F7D-818E-E404362163A9}.Debug|Win32.Build.0 = Debug|Any CPU
		{33FC4B70-E64E-4F7D-818E-E404362163A9}.Debug|x64.ActiveCfg = Debug|Any CPU
		{33FC4B70-E64E-4F7D-818E-E404362163A9}.Debug|x64.Build.0 = Debug|Any CPU
		{33FC4B70-E64E-4F7D-818E-E404362163A9}.Profile|Any CPU.ActiveCfg = Release|Any CPU
		{33FC4B70-E64E-4F7D-818E-E404362163A9}.Profile|Any CPU.Build.0 = Release|Any CPU
		{33FC4B70-E64E-4F7D-818E-E404362163A9}.Profile|Mixed Platforms.ActiveCfg = Release|Any CPU
		{33FC4B70-E64E-4F7D-818E-E404362163A9}.Profile|Mixed Platforms.Build.0 = Release|Any CPU
		{33FC4B70-E64E-4F7D-818E-E404362163A9}.Profile|Win32.ActiveCfg = Release|Any CPU
		{33FC4B70-E64E-4F7D-818E-E404362163A9}.Profile|Win32.Build.0 = Release|Any CPU
		{33FC4B70-E64E-4F7D-818E-E404362163A9}.Profile|x64.ActiveCfg = Release|Any CPU
		{33FC4B70-E64E-4F7D-818E-E404362163A9}.Profile|x64.Build.0 = Release|Any CPU
		{33FC4B70-E64E-4F7D-818E-E404362163A9}.Release - no manifest|Any CPU.ActiveCfg = Release|Any CPU
		{33FC4B70-E64E-4F7D-818E-E404362163A9}.Release - no manifest|Any CPU.Build.0 = Release|Any CPU
		{33FC4B70-E64E-4F7D-818E-E404362163A9}.Release - no manifest|Mixed Platforms.ActiveCfg = Release|Any CPU
		{33FC4B70-E64E-4F7D-818E-E404362163A9}.Release - no manifest|Mixed Platforms.Build.0 = Release|Any CPU
		{33FC4B70-E64E-4F7D-818E-E404362163A9}.Release - no manifest|Win32.ActiveCfg = Release|Any CPU
		{33FC4B70-E64E-4F7D-818E-E404362163A9}.Release - no manifest|Win32.Build.0 = Release|Any CPU
		{33FC4B70-E64E-4F7D-818E-E404362163A9}.Release - no manifest|x64.ActiveCfg = Release|Any CPU
		{33FC4B70-E64E-4F7D-818E-E404362163A9}.Release - no manifest|x64.Build.0 = Release|Any CPU
		{33FC4B70-E64E-4F7D-818E-E404362163A9}.Release|Any CPU.ActiveCfg = Release|Any CPU
		{33FC4B70-E64E-4F7D-818E-E404362163A9}.Release|Any CPU.Build.0 = Release|Any CPU
		{33FC4B70-E64E-4F7D-818E-E404362163A9}.Release|Mixed Platforms.ActiveCfg = Release|Any CPU
		{33FC4B70-E64E-4F7D-818E-E404362163A9}.Release|Mixed Platforms.Build.0 = Release|Any CPU
		{33FC4B70-E64E-4F7D-818E-E404362163A9}.Release|Win32.ActiveCfg = Release|Any CPU
		{33FC4B70-E64E-4F7D-818E-E404362163A9}.Release|Win32.Build.0 = Release|Any CPU
		{33FC4B70-E64E-4F7D-818E-E404362163A9}.Release|x64.ActiveCfg = Release|Any CPU
		{33FC4B70-E64E-4F7D-818E-E404362163A9}.Release|x64.Build.0 = Release|Any CPU
		{3672631F-D4F2-4CE0-985E-D118CC78CE78}.Debug|Any CPU.ActiveCfg = Debug|Any CPU
		{3672631F-D4F2-4CE0-985E-D118CC78CE78}.Debug|Any CPU.Build.0 = Debug|Any CPU
		{3672631F-D4F2-4CE0-985E-D118CC78CE78}.Debug|Mixed Platforms.ActiveCfg = Debug|Any CPU
		{3672631F-D4F2-4CE0-985E-D118CC78CE78}.Debug|Mixed Platforms.Build.0 = Debug|Any CPU
		{3672631F-D4F2-4CE0-985E-D118CC78CE78}.Debug|Win32.ActiveCfg = Debug|Any CPU
		{3672631F-D4F2-4CE0-985E-D118CC78CE78}.Debug|Win32.Build.0 = Debug|Any CPU
		{3672631F-D4F2-4CE0-985E-D118CC78CE78}.Debug|x64.ActiveCfg = Debug|Any CPU
		{3672631F-D4F2-4CE0-985E-D118CC78CE78}.Debug|x64.Build.0 = Debug|Any CPU
		{3672631F-D4F2-4CE0-985E-D118CC78CE78}.Profile|Any CPU.ActiveCfg = Release|Any CPU
		{3672631F-D4F2-4CE0-985E-D118CC78CE78}.Profile|Any CPU.Build.0 = Release|Any CPU
		{3672631F-D4F2-4CE0-985E-D118CC78CE78}.Profile|Mixed Platforms.ActiveCfg = Release|Any CPU
		{3672631F-D4F2-4CE0-985E-D118CC78CE78}.Profile|Mixed Platforms.Build.0 = Release|Any CPU
		{3672631F-D4F2-4CE0-985E-D118CC78CE78}.Profile|Win32.ActiveCfg = Release|Any CPU
		{3672631F-D4F2-4CE0-985E-D118CC78CE78}.Profile|Win32.Build.0 = Release|Any CPU
		{3672631F-D4F2-4CE0-985E-D118CC78CE78}.Profile|x64.ActiveCfg = Release|Any CPU
		{3672631F-D4F2-4CE0-985E-D118CC78CE78}.Profile|x64.Build.0 = Release|Any CPU
		{3672631F-D4F2-4CE0-985E-D118CC78CE78}.Release - no manifest|Any CPU.ActiveCfg = Release|Any CPU
		{3672631F-D4F2-4CE0-985E-D118CC78CE78}.Release - no manifest|Any CPU.Build.0 = Release|Any CPU
		{3672631F-D4F2-4CE0-985E-D118CC78CE78}.Release - no manifest|Mixed Platforms.ActiveCfg = Release|Any CPU
		{3672631F-D4F2-4CE0-985E-D118CC78CE78}.Release - no manifest|Mixed Platforms.Build.0 = Release|Any CPU
		{3672631F-D4F2-4CE0-985E-D118CC78CE78}.Release - no manifest|Win32.ActiveCfg = Release|Any CPU
		{3672631F-D4F2-4CE0-985E-D118CC78CE78}.Release - no manifest|Win32.Build.0 = Release|Any CPU
		{3672631F-D4F2-4CE0-985E-D118CC78CE78}.Release - no manifest|x64.ActiveCfg = Release|Any CPU
		{3672631F-D4F2-4CE0-985E-D118CC78CE78}.Release - no manifest|x64.Build.0 = Release|Any CPU
		{3672631F-D4F2-4CE0-985E-D118CC78CE78}.Release|Any CPU.ActiveCfg = Release|Any CPU
		{3672631F-D4F2-4CE0-985E-D118CC78CE78}.Release|Any CPU.Build.0 = Release|Any CPU
		{3672631F-D4F2-4CE0-985E-D118CC78CE78}.Release|Mixed Platforms.ActiveCfg = Release|Any CPU
		{3672631F-D4F2-4CE0-985E-D118CC78CE78}.Release|Mixed Platforms.Build.0 = Release|Any CPU
		{3672631F-D4F2-4CE0-985E-D118CC78CE78}.Release|Win32.ActiveCfg = Release|Any CPU
		{3672631F-D4F2-4CE0-985E-D118CC78CE78}.Release|Win32.Build.0 = Release|Any CPU
		{3672631F-D4F2-4CE0-985E-D118CC78CE78}.Release|x64.ActiveCfg = Release|Any CPU
		{3672631F-D4F2-4CE0-985E-D118CC78CE78}.Release|x64.Build.0 = Release|Any CPU
		{A257BF4E-5C28-48F2-8D9B-1A1090093EF5}.Debug|Any CPU.ActiveCfg = Debug|Any CPU
		{A257BF4E-5C28-48F2-8D9B-1A1090093EF5}.Debug|Any CPU.Build.0 = Debug|Any CPU
		{A257BF4E-5C28-48F2-8D9B-1A1090093EF5}.Debug|Mixed Platforms.ActiveCfg = Debug|Any CPU
		{A257BF4E-5C28-48F2-8D9B-1A1090093EF5}.Debug|Mixed Platforms.Build.0 = Debug|Any CPU
		{A257BF4E-5C28-48F2-8D9B-1A1090093EF5}.Debug|Win32.ActiveCfg = Debug|Any CPU
		{A257BF4E-5C28-48F2-8D9B-1A1090093EF5}.Debug|Win32.Build.0 = Debug|Any CPU
		{A257BF4E-5C28-48F2-8D9B-1A1090093EF5}.Debug|x64.ActiveCfg = Debug|Any CPU
		{A257BF4E-5C28-48F2-8D9B-1A1090093EF5}.Debug|x64.Build.0 = Debug|Any CPU
		{A257BF4E-5C28-48F2-8D9B-1A1090093EF5}.Profile|Any CPU.ActiveCfg = Release|Any CPU
		{A257BF4E-5C28-48F2-8D9B-1A1090093EF5}.Profile|Any CPU.Build.0 = Release|Any CPU
		{A257BF4E-5C28-48F2-8D9B-1A1090093EF5}.Profile|Mixed Platforms.ActiveCfg = Release|Any CPU
		{A257BF4E-5C28-48F2-8D9B-1A1090093EF5}.Profile|Mixed Platforms.Build.0 = Release|Any CPU
		{A257BF4E-5C28-48F2-8D9B-1A1090093EF5}.Profile|Win32.ActiveCfg = Release|Any CPU
		{A257BF4E-5C28-48F2-8D9B-1A1090093EF5}.Profile|Win32.Build.0 = Release|Any CPU
		{A257BF4E-5C28-48F2-8D9B-1A1090093EF5}.Profile|x64.ActiveCfg = Release|Any CPU
		{A257BF4E-5C28-48F2-8D9B-1A1090093EF5}.Profile|x64.Build.0 = Release|Any CPU
		{A257BF4E-5C28-48F2-8D9B-1A1090093EF5}.Release - no manifest|Any CPU.ActiveCfg = Release|Any CPU
		{A257BF4E-5C28-48F2-8D9B-1A1090093EF5}.Release - no manifest|Any CPU.Build.0 = Release|Any CPU
		{A257BF4E-5C28-48F2-8D9B-1A1090093EF5}.Release - no manifest|Mixed Platforms.ActiveCfg = Release|Any CPU
		{A257BF4E-5C28-48F2-8D9B-1A1090093EF5}.Release - no manifest|Mixed Platforms.Build.0 = Release|Any CPU
		{A257BF4E-5C28-48F2-8D9B-1A1090093EF5}.Release - no manifest|Win32.ActiveCfg = Release|Any CPU
		{A257BF4E-5C28-48F2-8D9B-1A1090093EF5}.Release - no manifest|Win32.Build.0 = Release|Any CPU
		{A257BF4E-5C28-48F2-8D9B-1A1090093EF5}.Release - no manifest|x64.ActiveCfg = Release|Any CPU
		{A257BF4E-5C28-48F2-8D9B-1A1090093EF5}.Release - no manifest|x64.Build.0 = Release|Any CPU
		{A257BF4E-5C28-48F2-8D9B-1A1090093EF5}.Release|Any CPU.ActiveCfg = Release|Any CPU
		{A257BF4E-5C28-48F2-8D9B-1A1090093EF5}.Release|Any CPU.Build.0 = Release|Any CPU
		{A257BF4E-5C28-48F2-8D9B-1A1090093EF5}.Release|Mixed Platforms.ActiveCfg = Release|Any CPU
		{A257BF4E-5C28-48F2-8D9B-1A1090093EF5}.Release|Mixed Platforms.Build.0 = Release|Any CPU
		{A257BF4E-5C28-48F2-8D9B-1A1090093EF5}.Release|Win32.ActiveCfg = Release|Any CPU
		{A257BF4E-5C28-48F2-8D9B-1A1090093EF5}.Release|Win32.Build.0 = Release|Any CPU
		{A257BF4E-5C28-48F2-8D9B-1A1090093EF5}.Release|x64.ActiveCfg = Release|Any CPU
		{A257BF4E-5C28-48F2-8D9B-1A1090093EF5}.Release|x64.Build.0 = Release|Any CPU
		{3092E8FF-3585-4069-979E-C16FC81287A2}.Debug|Any CPU.ActiveCfg = Debug|Any CPU
		{3092E8FF-3585-4069-979E-C16FC81287A2}.Debug|Any CPU.Build.0 = Debug|Any CPU
		{3092E8FF-3585-4069-979E-C16FC81287A2}.Debug|Mixed Platforms.ActiveCfg = Debug|Any CPU
		{3092E8FF-3585-4069-979E-C16FC81287A2}.Debug|Mixed Platforms.Build.0 = Debug|Any CPU
		{3092E8FF-3585-4069-979E-C16FC81287A2}.Debug|Win32.ActiveCfg = Debug|Any CPU
		{3092E8FF-3585-4069-979E-C16FC81287A2}.Debug|Win32.Build.0 = Debug|Any CPU
		{3092E8FF-3585-4069-979E-C16FC81287A2}.Debug|x64.ActiveCfg = Debug|Any CPU
		{3092E8FF-3585-4069-979E-C16FC81287A2}.Debug|x64.Build.0 = Debug|Any CPU
		{3092E8FF-3585-4069-979E-C16FC81287A2}.Profile|Any CPU.ActiveCfg = Release|Any CPU
		{3092E8FF-3585-4069-979E-C16FC81287A2}.Profile|Any CPU.Build.0 = Release|Any CPU
		{3092E8FF-3585-4069-979E-C16FC81287A2}.Profile|Mixed Platforms.ActiveCfg = Release|Any CPU
		{3092E8FF-3585-4069-979E-C16FC81287A2}.Profile|Mixed Platforms.Build.0 = Release|Any CPU
		{3092E8FF-3585-4069-979E-C16FC81287A2}.Profile|Win32.ActiveCfg = Release|Any CPU
		{3092E8FF-3585-4069-979E-C16FC81287A2}.Profile|Win32.Build.0 = Release|Any CPU
		{3092E8FF-3585-4069-979E-C16FC81287A2}.Profile|x64.ActiveCfg = Release|Any CPU
		{3092E8FF-3585-4069-979E-C16FC81287A2}.Profile|x64.Build.0 = Release|Any CPU
		{3092E8FF-3585-4069-979E-C16FC81287A2}.Release - no manifest|Any CPU.ActiveCfg = Release|Any CPU
		{3092E8FF-3585-4069-979E-C16FC81287A2}.Release - no manifest|Any CPU.Build.0 = Release|Any CPU
		{3092E8FF-3585-4069-979E-C16FC81287A2}.Release - no manifest|Mixed Platforms.ActiveCfg = Release|Any CPU
		{3092E8FF-3585-4069-979E-C16FC81287A2}.Release - no manifest|Mixed Platforms.Build.0 = Release|Any CPU
		{3092E8FF-3585-4069-979E-C16FC81287A2}.Release - no manifest|Win32.ActiveCfg = Release|Any CPU
		{3092E8FF-3585-4069-979E-C16FC81287A2}.Release - no manifest|Win32.Build.0 = Release|Any CPU
		{3092E8FF-3585-4069-979E-C16FC81287A2}.Release - no manifest|x64.ActiveCfg = Release|Any CPU
		{3092E8FF-3585-4069-979E-C16FC81287A2}.Release - no manifest|x64.Build.0 = Release|Any CPU
		{3092E8FF-3585-4069-979E-C16FC81287A2}.Release|Any CPU.ActiveCfg = Release|Any CPU
		{3092E8FF-3585-4069-979E-C16FC81287A2}.Release|Any CPU.Build.0 = Release|Any CPU
		{3092E8FF-3585-4069-979E-C16FC81287A2}.Release|Mixed Platforms.ActiveCfg = Release|Any CPU
		{3092E8FF-3585-4069-979E-C16FC81287A2}.Release|Mixed Platforms.Build.0 = Release|Any CPU
		{3092E8FF-3585-4069-979E-C16FC81287A2}.Release|Win32.ActiveCfg = Release|Any CPU
		{3092E8FF-3585-4069-979E-C16FC81287A2}.Release|Win32.Build.0 = Release|Any CPU
		{3092E8FF-3585-4069-979E-C16FC81287A2}.Release|x64.ActiveCfg = Release|Any CPU
		{3092E8FF-3585-4069-979E-C16FC81287A2}.Release|x64.Build.0 = Release|Any CPU
		{485359AB-9791-4019-9A81-0D20BECD0A4F}.Debug|Any CPU.ActiveCfg = Debug|Any CPU
		{485359AB-9791-4019-9A81-0D20BECD0A4F}.Debug|Any CPU.Build.0 = Debug|Any CPU
		{485359AB-9791-4019-9A81-0D20BECD0A4F}.Debug|Mixed Platforms.ActiveCfg = Debug|Any CPU
		{485359AB-9791-4019-9A81-0D20BECD0A4F}.Debug|Mixed Platforms.Build.0 = Debug|Any CPU
		{485359AB-9791-4019-9A81-0D20BECD0A4F}.Debug|Win32.ActiveCfg = Debug|Any CPU
		{485359AB-9791-4019-9A81-0D20BECD0A4F}.Debug|Win32.Build.0 = Debug|Any CPU
		{485359AB-9791-4019-9A81-0D20BECD0A4F}.Debug|x64.ActiveCfg = Debug|Any CPU
		{485359AB-9791-4019-9A81-0D20BECD0A4F}.Debug|x64.Build.0 = Debug|Any CPU
		{485359AB-9791-4019-9A81-0D20BECD0A4F}.Profile|Any CPU.ActiveCfg = Release|Any CPU
		{485359AB-9791-4019-9A81-0D20BECD0A4F}.Profile|Any CPU.Build.0 = Release|Any CPU
		{485359AB-9791-4019-9A81-0D20BECD0A4F}.Profile|Mixed Platforms.ActiveCfg = Release|Any CPU
		{485359AB-9791-4019-9A81-0D20BECD0A4F}.Profile|Mixed Platforms.Build.0 = Release|Any CPU
		{485359AB-9791-4019-9A81-0D20BECD0A4F}.Profile|Win32.ActiveCfg = Release|Any CPU
		{485359AB-9791-4019-9A81-0D20BECD0A4F}.Profile|Win32.Build.0 = Release|Any CPU
		{485359AB-9791-4019-9A81-0D20BECD0A4F}.Profile|x64.ActiveCfg = Release|Any CPU
		{485359AB-9791-4019-9A81-0D20BECD0A4F}.Profile|x64.Build.0 = Release|Any CPU
		{485359AB-9791-4019-9A81-0D20BECD0A4F}.Release - no manifest|Any CPU.ActiveCfg = Release|Any CPU
		{485359AB-9791-4019-9A81-0D20BECD0A4F}.Release - no manifest|Any CPU.Build.0 = Release|Any CPU
		{485359AB-9791-4019-9A81-0D20BECD0A4F}.Release - no manifest|Mixed Platforms.ActiveCfg = Release|Any CPU
		{485359AB-9791-4019-9A81-0D20BECD0A4F}.Release - no manifest|Mixed Platforms.Build.0 = Release|Any CPU
		{485359AB-9791-4019-9A81-0D20BECD0A4F}.Release - no manifest|Win32.ActiveCfg = Release|Any CPU
		{485359AB-9791-4019-9A81-0D20BECD0A4F}.Release - no manifest|Win32.Build.0 = Release|Any CPU
		{485359AB-9791-4019-9A81-0D20BECD0A4F}.Release - no manifest|x64.ActiveCfg = Release|Any CPU
		{485359AB-9791-4019-9A81-0D20BECD0A4F}.Release - no manifest|x64.Build.0 = Release|Any CPU
		{485359AB-9791-4019-9A81-0D20BECD0A4F}.Release|Any CPU.ActiveCfg = Release|Any CPU
		{485359AB-9791-4019-9A81-0D20BECD0A4F}.Release|Any CPU.Build.0 = Release|Any CPU
		{485359AB-9791-4019-9A81-0D20BECD0A4F}.Release|Mixed Platforms.ActiveCfg = Release|Any CPU
		{485359AB-9791-4019-9A81-0D20BECD0A4F}.Release|Mixed Platforms.Build.0 = Release|Any CPU
		{485359AB-9791-4019-9A81-0D20BECD0A4F}.Release|Win32.ActiveCfg = Release|Any CPU
		{485359AB-9791-4019-9A81-0D20BECD0A4F}.Release|Win32.Build.0 = Release|Any CPU
		{485359AB-9791-4019-9A81-0D20BECD0A4F}.Release|x64.ActiveCfg = Release|Any CPU
		{485359AB-9791-4019-9A81-0D20BECD0A4F}.Release|x64.Build.0 = Release|Any CPU
		{D6237064-E9BE-4BCB-A1C7-81BDBBDA5785}.Debug|Any CPU.ActiveCfg = Debug|Any CPU
		{D6237064-E9BE-4BCB-A1C7-81BDBBDA5785}.Debug|Any CPU.Build.0 = Debug|Any CPU
		{D6237064-E9BE-4BCB-A1C7-81BDBBDA5785}.Debug|Mixed Platforms.ActiveCfg = Debug|Any CPU
		{D6237064-E9BE-4BCB-A1C7-81BDBBDA5785}.Debug|Mixed Platforms.Build.0 = Debug|Any CPU
		{D6237064-E9BE-4BCB-A1C7-81BDBBDA5785}.Debug|Win32.ActiveCfg = Debug|Any CPU
		{D6237064-E9BE-4BCB-A1C7-81BDBBDA5785}.Debug|Win32.Build.0 = Debug|Any CPU
		{D6237064-E9BE-4BCB-A1C7-81BDBBDA5785}.Debug|x64.ActiveCfg = Debug|Any CPU
		{D6237064-E9BE-4BCB-A1C7-81BDBBDA5785}.Debug|x64.Build.0 = Debug|Any CPU
		{D6237064-E9BE-4BCB-A1C7-81BDBBDA5785}.Profile|Any CPU.ActiveCfg = Release|Any CPU
		{D6237064-E9BE-4BCB-A1C7-81BDBBDA5785}.Profile|Any CPU.Build.0 = Release|Any CPU
		{D6237064-E9BE-4BCB-A1C7-81BDBBDA5785}.Profile|Mixed Platforms.ActiveCfg = Release|Any CPU
		{D6237064-E9BE-4BCB-A1C7-81BDBBDA5785}.Profile|Mixed Platforms.Build.0 = Release|Any CPU
		{D6237064-E9BE-4BCB-A1C7-81BDBBDA5785}.Profile|Win32.ActiveCfg = Release|Any CPU
		{D6237064-E9BE-4BCB-A1C7-81BDBBDA5785}.Profile|Win32.Build.0 = Release|Any CPU
		{D6237064-E9BE-4BCB-A1C7-81BDBBDA5785}.Profile|x64.ActiveCfg = Release|Any CPU
		{D6237064-E9BE-4BCB-A1C7-81BDBBDA5785}.Profile|x64.Build.0 = Release|Any CPU
		{D6237064-E9BE-4BCB-A1C7-81BDBBDA5785}.Release - no manifest|Any CPU.ActiveCfg = Release|Any CPU
		{D6237064-E9BE-4BCB-A1C7-81BDBBDA5785}.Release - no manifest|Any CPU.Build.0 = Release|Any CPU
		{D6237064-E9BE-4BCB-A1C7-81BDBBDA5785}.Release - no manifest|Mixed Platforms.ActiveCfg = Release|Any CPU
		{D6237064-E9BE-4BCB-A1C7-81BDBBDA5785}.Release - no manifest|Mixed Platforms.Build.0 = Release|Any CPU
		{D6237064-E9BE-4BCB-A1C7-81BDBBDA5785}.Release - no manifest|Win32.ActiveCfg = Release|Any CPU
		{D6237064-E9BE-4BCB-A1C7-81BDBBDA5785}.Release - no manifest|Win32.Build.0 = Release|Any CPU
		{D6237064-E9BE-4BCB-A1C7-81BDBBDA5785}.Release - no manifest|x64.ActiveCfg = Release|Any CPU
		{D6237064-E9BE-4BCB-A1C7-81BDBBDA5785}.Release - no manifest|x64.Build.0 = Release|Any CPU
		{D6237064-E9BE-4BCB-A1C7-81BDBBDA5785}.Release|Any CPU.ActiveCfg = Release|Any CPU
		{D6237064-E9BE-4BCB-A1C7-81BDBBDA5785}.Release|Any CPU.Build.0 = Release|Any CPU
		{D6237064-E9BE-4BCB-A1C7-81BDBBDA5785}.Release|Mixed Platforms.ActiveCfg = Release|Any CPU
		{D6237064-E9BE-4BCB-A1C7-81BDBBDA5785}.Release|Mixed Platforms.Build.0 = Release|Any CPU
		{D6237064-E9BE-4BCB-A1C7-81BDBBDA5785}.Release|Win32.ActiveCfg = Release|Any CPU
		{D6237064-E9BE-4BCB-A1C7-81BDBBDA5785}.Release|Win32.Build.0 = Release|Any CPU
		{D6237064-E9BE-4BCB-A1C7-81BDBBDA5785}.Release|x64.ActiveCfg = Release|Any CPU
		{D6237064-E9BE-4BCB-A1C7-81BDBBDA5785}.Release|x64.Build.0 = Release|Any CPU
		{00779BD5-C896-4CD8-8783-977A1E5C15DA}.Debug|Any CPU.ActiveCfg = Debug|Any CPU
		{00779BD5-C896-4CD8-8783-977A1E5C15DA}.Debug|Any CPU.Build.0 = Debug|Any CPU
		{00779BD5-C896-4CD8-8783-977A1E5C15DA}.Debug|Mixed Platforms.ActiveCfg = Debug|Any CPU
		{00779BD5-C896-4CD8-8783-977A1E5C15DA}.Debug|Mixed Platforms.Build.0 = Debug|Any CPU
		{00779BD5-C896-4CD8-8783-977A1E5C15DA}.Debug|Win32.ActiveCfg = Debug|Any CPU
		{00779BD5-C896-4CD8-8783-977A1E5C15DA}.Debug|Win32.Build.0 = Debug|Any CPU
		{00779BD5-C896-4CD8-8783-977A1E5C15DA}.Debug|x64.ActiveCfg = Debug|Any CPU
		{00779BD5-C896-4CD8-8783-977A1E5C15DA}.Debug|x64.Build.0 = Debug|Any CPU
		{00779BD5-C896-4CD8-8783-977A1E5C15DA}.Profile|Any CPU.ActiveCfg = Release|Any CPU
		{00779BD5-C896-4CD8-8783-977A1E5C15DA}.Profile|Any CPU.Build.0 = Release|Any CPU
		{00779BD5-C896-4CD8-8783-977A1E5C15DA}.Profile|Mixed Platforms.ActiveCfg = Release|Any CPU
		{00779BD5-C896-4CD8-8783-977A1E5C15DA}.Profile|Mixed Platforms.Build.0 = Release|Any CPU
		{00779BD5-C896-4CD8-8783-977A1E5C15DA}.Profile|Win32.ActiveCfg = Release|Any CPU
		{00779BD5-C896-4CD8-8783-977A1E5C15DA}.Profile|Win32.Build.0 = Release|Any CPU
		{00779BD5-C896-4CD8-8783-977A1E5C15DA}.Profile|x64.ActiveCfg = Release|Any CPU
		{00779BD5-C896-4CD8-8783-977A1E5C15DA}.Profile|x64.Build.0 = Release|Any CPU
		{00779BD5-C896-4CD8-8783-977A1E5C15DA}.Release - no manifest|Any CPU.ActiveCfg = Release|Any CPU
		{00779BD5-C896-4CD8-8783-977A1E5C15DA}.Release - no manifest|Any CPU.Build.0 = Release|Any CPU
		{00779BD5-C896-4CD8-8783-977A1E5C15DA}.Release - no manifest|Mixed Platforms.ActiveCfg = Release|Any CPU
		{00779BD5-C896-4CD8-8783-977A1E5C15DA}.Release - no manifest|Mixed Platforms.Build.0 = Release|Any CPU
		{00779BD5-C896-4CD8-8783-977A1E5C15DA}.Release - no manifest|Win32.ActiveCfg = Release|Any CPU
		{00779BD5-C896-4CD8-8783-977A1E5C15DA}.Release - no manifest|Win32.Build.0 = Release|Any CPU
		{00779BD5-C896-4CD8-8783-977A1E5C15DA}.Release - no manifest|x64.ActiveCfg = Release|Any CPU
		{00779BD5-C896-4CD8-8783-977A1E5C15DA}.Release - no manifest|x64.Build.0 = Release|Any CPU
		{00779BD5-C896-4CD8-8783-977A1E5C15DA}.Release|Any CPU.ActiveCfg = Release|Any CPU
		{00779BD5-C896-4CD8-8783-977A1E5C15DA}.Release|Any CPU.Build.0 = Release|Any CPU
		{00779BD5-C896-4CD8-8783-977A1E5C15DA}.Release|Mixed Platforms.ActiveCfg = Release|Any CPU
		{00779BD5-C896-4CD8-8783-977A1E5C15DA}.Release|Mixed Platforms.Build.0 = Release|Any CPU
		{00779BD5-C896-4CD8-8783-977A1E5C15DA}.Release|Win32.ActiveCfg = Release|Any CPU
		{00779BD5-C896-4CD8-8783-977A1E5C15DA}.Release|Win32.Build.0 = Release|Any CPU
		{00779BD5-C896-4CD8-8783-977A1E5C15DA}.Release|x64.ActiveCfg = Release|Any CPU
		{00779BD5-C896-4CD8-8783-977A1E5C15DA}.Release|x64.Build.0 = Release|Any CPU
		{58E034C7-8700-4432-9AD2-FD035E7D838A}.Debug|Any CPU.ActiveCfg = Debug|Any CPU
		{58E034C7-8700-4432-9AD2-FD035E7D838A}.Debug|Any CPU.Build.0 = Debug|Any CPU
		{58E034C7-8700-4432-9AD2-FD035E7D838A}.Debug|Mixed Platforms.ActiveCfg = Debug|Any CPU
		{58E034C7-8700-4432-9AD2-FD035E7D838A}.Debug|Mixed Platforms.Build.0 = Debug|Any CPU
		{58E034C7-8700-4432-9AD2-FD035E7D838A}.Debug|Win32.ActiveCfg = Debug|Any CPU
		{58E034C7-8700-4432-9AD2-FD035E7D838A}.Debug|Win32.Build.0 = Debug|Any CPU
		{58E034C7-8700-4432-9AD2-FD035E7D838A}.Debug|x64.ActiveCfg = Debug|Any CPU
		{58E034C7-8700-4432-9AD2-FD035E7D838A}.Debug|x64.Build.0 = Debug|Any CPU
		{58E034C7-8700-4432-9AD2-FD035E7D838A}.Profile|Any CPU.ActiveCfg = Release|Any CPU
		{58E034C7-8700-4432-9AD2-FD035E7D838A}.Profile|Any CPU.Build.0 = Release|Any CPU
		{58E034C7-8700-4432-9AD2-FD035E7D838A}.Profile|Mixed Platforms.ActiveCfg = Release|Any CPU
		{58E034C7-8700-4432-9AD2-FD035E7D838A}.Profile|Mixed Platforms.Build.0 = Release|Any CPU
		{58E034C7-8700-4432-9AD2-FD035E7D838A}.Profile|Win32.ActiveCfg = Release|Any CPU
		{58E034C7-8700-4432-9AD2-FD035E7D838A}.Profile|Win32.Build.0 = Release|Any CPU
		{58E034C7-8700-4432-9AD2-FD035E7D838A}.Profile|x64.ActiveCfg = Release|Any CPU
		{58E034C7-8700-4432-9AD2-FD035E7D838A}.Profile|x64.Build.0 = Release|Any CPU
		{58E034C7-8700-4432-9AD2-FD035E7D838A}.Release - no manifest|Any CPU.ActiveCfg = Release|Any CPU
		{58E034C7-8700-4432-9AD2-FD035E7D838A}.Release - no manifest|Any CPU.Build.0 = Release|Any CPU
		{58E034C7-8700-4432-9AD2-FD035E7D838A}.Release - no manifest|Mixed Platforms.ActiveCfg = Release|Any CPU
		{58E034C7-8700-4432-9AD2-FD035E7D838A}.Release - no manifest|Mixed Platforms.Build.0 = Release|Any CPU
		{58E034C7-8700-4432-9AD2-FD035E7D838A}.Release - no manifest|Win32.ActiveCfg = Release|Any CPU
		{58E034C7-8700-4432-9AD2-FD035E7D838A}.Release - no manifest|Win32.Build.0 = Release|Any CPU
		{58E034C7-8700-4432-9AD2-FD035E7D838A}.Release - no manifest|x64.ActiveCfg = Release|Any CPU
		{58E034C7-8700-4432-9AD2-FD035E7D838A}.Release - no manifest|x64.Build.0 = Release|Any CPU
		{58E034C7-8700-4432-9AD2-FD035E7D838A}.Release|Any CPU.ActiveCfg = Release|Any CPU
		{58E034C7-8700-4432-9AD2-FD035E7D838A}.Release|Any CPU.Build.0 = Release|Any CPU
		{58E034C7-8700-4432-9AD2-FD035E7D838A}.Release|Mixed Platforms.ActiveCfg = Release|Any CPU
		{58E034C7-8700-4432-9AD2-FD035E7D838A}.Release|Mixed Platforms.Build.0 = Release|Any CPU
		{58E034C7-8700-4432-9AD2-FD035E7D838A}.Release|Win32.ActiveCfg = Release|Any CPU
		{58E034C7-8700-4432-9AD2-FD035E7D838A}.Release|Win32.Build.0 = Release|Any CPU
		{58E034C7-8700-4432-9AD2-FD035E7D838A}.Release|x64.ActiveCfg = Release|Any CPU
		{58E034C7-8700-4432-9AD2-FD035E7D838A}.Release|x64.Build.0 = Release|Any CPU
		{374D579F-FCFD-4355-95B5-985B8EA83242}.Debug|Any CPU.ActiveCfg = Debug|Any CPU
		{374D579F-FCFD-4355-95B5-985B8EA83242}.Debug|Any CPU.Build.0 = Debug|Any CPU
		{374D579F-FCFD-4355-95B5-985B8EA83242}.Debug|Mixed Platforms.ActiveCfg = Debug|Any CPU
		{374D579F-FCFD-4355-95B5-985B8EA83242}.Debug|Mixed Platforms.Build.0 = Debug|Any CPU
		{374D579F-FCFD-4355-95B5-985B8EA83242}.Debug|Win32.ActiveCfg = Debug|Any CPU
		{374D579F-FCFD-4355-95B5-985B8EA83242}.Debug|Win32.Build.0 = Debug|Any CPU
		{374D579F-FCFD-4355-95B5-985B8EA83242}.Debug|x64.ActiveCfg = Debug|Any CPU
		{374D579F-FCFD-4355-95B5-985B8EA83242}.Debug|x64.Build.0 = Debug|Any CPU
		{374D579F-FCFD-4355-95B5-985B8EA83242}.Profile|Any CPU.ActiveCfg = Release|Any CPU
		{374D579F-FCFD-4355-95B5-985B8EA83242}.Profile|Any CPU.Build.0 = Release|Any CPU
		{374D579F-FCFD-4355-95B5-985B8EA83242}.Profile|Mixed Platforms.ActiveCfg = Release|Any CPU
		{374D579F-FCFD-4355-95B5-985B8EA83242}.Profile|Mixed Platforms.Build.0 = Release|Any CPU
		{374D579F-FCFD-4355-95B5-985B8EA83242}.Profile|Win32.ActiveCfg = Release|Any CPU
		{374D579F-FCFD-4355-95B5-985B8EA83242}.Profile|Win32.Build.0 = Release|Any CPU
		{374D579F-FCFD-4355-95B5-985B8EA83242}.Profile|x64.ActiveCfg = Release|Any CPU
		{374D579F-FCFD-4355-95B5-985B8EA83242}.Profile|x64.Build.0 = Release|Any CPU
		{374D579F-FCFD-4355-95B5-985B8EA83242}.Release - no manifest|Any CPU.ActiveCfg = Release|Any CPU
		{374D579F-FCFD-4355-95B5-985B8EA83242}.Release - no manifest|Any CPU.Build.0 = Release|Any CPU
		{374D579F-FCFD-4355-95B5-985B8EA83242}.Release - no manifest|Mixed Platforms.ActiveCfg = Release|Any CPU
		{374D579F-FCFD-4355-95B5-985B8EA83242}.Release - no manifest|Mixed Platforms.Build.0 = Release|Any CPU
		{374D579F-FCFD-4355-95B5-985B8EA83242}.Release - no manifest|Win32.ActiveCfg = Release|Any CPU
		{374D579F-FCFD-4355-95B5-985B8EA83242}.Release - no manifest|Win32.Build.0 = Release|Any CPU
		{374D579F-FCFD-4355-95B5-985B8EA83242}.Release - no manifest|x64.ActiveCfg = Release|Any CPU
		{374D579F-FCFD-4355-95B5-985B8EA83242}.Release - no manifest|x64.Build.0 = Release|Any CPU
		{374D579F-FCFD-4355-95B5-985B8EA83242}.Release|Any CPU.ActiveCfg = Release|Any CPU
		{374D579F-FCFD-4355-95B5-985B8EA83242}.Release|Any CPU.Build.0 = Release|Any CPU
		{374D579F-FCFD-4355-95B5-985B8EA83242}.Release|Mixed Platforms.ActiveCfg = Release|Any CPU
		{374D579F-FCFD-4355-95B5-985B8EA83242}.Release|Mixed Platforms.Build.0 = Release|Any CPU
		{374D579F-FCFD-4355-95B5-985B8EA83242}.Release|Win32.ActiveCfg = Release|Any CPU
		{374D579F-FCFD-4355-95B5-985B8EA83242}.Release|Win32.Build.0 = Release|Any CPU
		{374D579F-FCFD-4355-95B5-985B8EA83242}.Release|x64.ActiveCfg = Release|Any CPU
		{374D579F-FCFD-4355-95B5-985B8EA83242}.Release|x64.Build.0 = Release|Any CPU
	EndGlobalSection
	GlobalSection(SolutionProperties) = preSolution
		HideSolutionNode = FALSE
	EndGlobalSection
	GlobalSection(NestedProjects) = preSolution
		{7C485635-3092-4D6E-AEA9-D7E9BF32493D} = {FEACF033-959E-43B6-86A8-B284AB56F3E7}
		{FEDF2FA9-7CA3-4488-9983-3079D9661847} = {0081FCAC-C8BD-4275-864A-3CC503FCDF32}
		{6DD284BF-F42A-480B-8258-F9E72B54A187} = {F882A1A3-4945-4A0F-A408-3AE2496E8611}
		{B279ABBB-DA91-493F-902B-6A6F9B9F2D16} = {52922607-F65A-481F-8109-C5FC3660939F}
		{04C6460E-9662-4455-B060-A4ED5A74413D} = {EFDA7A39-ABF2-4F42-B964-335DA8B6DCDB}
		{CD65C3DC-1DC9-4880-BE4A-992AA84B88FE} = {2FA18D35-992B-450C-A88E-C72AC1E8835D}
		{F4D12239-5DAB-48FF-A427-3815920D171B} = {A6F87273-5545-4FB4-BB7D-3733AE179B16}
		{D85602A2-B9AA-4A68-B01B-627CC2A88530} = {B49C6E1F-C7E8-4969-B646-DFDBD20D8E21}
		{6A54911F-FBAC-4B7A-B030-E5B175431B08} = {B49C6E1F-C7E8-4969-B646-DFDBD20D8E21}
		{E776D5EE-650C-460D-927F-B200E214186C} = {0081FCAC-C8BD-4275-864A-3CC503FCDF32}
		{A88DDA32-D985-4C78-A43E-7D6E1317AD75} = {B49C6E1F-C7E8-4969-B646-DFDBD20D8E21}
		{125A88DF-56B0-4738-9D43-401178C2FCE1} = {CFB9B69C-B925-4EEB-9926-CCB5EAFFFEB7}
		{6A47C6CB-A423-40BA-BBA2-49678EE148E7} = {0333117B-E589-44D7-8DDB-BA5FF6B0D519}
		{98756F38-19E1-4067-926C-79401E6AF092} = {EFDA7A39-ABF2-4F42-B964-335DA8B6DCDB}
		{5B33CBA1-CEC4-4358-AE96-8AF61063BB75} = {0333117B-E589-44D7-8DDB-BA5FF6B0D519}
		{F882A1A3-4945-4A0F-A408-3AE2496E8611} = {3504E0A5-C3C7-4D0C-9F26-D19408F2F808}
		{CFB9B69C-B925-4EEB-9926-CCB5EAFFFEB7} = {3504E0A5-C3C7-4D0C-9F26-D19408F2F808}
		{52922607-F65A-481F-8109-C5FC3660939F} = {3504E0A5-C3C7-4D0C-9F26-D19408F2F808}
		{B49C6E1F-C7E8-4969-B646-DFDBD20D8E21} = {3504E0A5-C3C7-4D0C-9F26-D19408F2F808}
		{FEACF033-959E-43B6-86A8-B284AB56F3E7} = {2FA18D35-992B-450C-A88E-C72AC1E8835D}
		{A6F87273-5545-4FB4-BB7D-3733AE179B16} = {2FA18D35-992B-450C-A88E-C72AC1E8835D}
		{428D3FE5-B2DF-4ED9-BD01-29E0D53B3401} = {2FA18D35-992B-450C-A88E-C72AC1E8835D}
		{EFDA7A39-ABF2-4F42-B964-335DA8B6DCDB} = {2FA18D35-992B-450C-A88E-C72AC1E8835D}
		{371B9FA9-4C90-4AC6-A123-ACED756D6C77} = {428D3FE5-B2DF-4ED9-BD01-29E0D53B3401}
		{E0B52AE7-E160-4D32-BF3F-910B785E5A8E} = {428D3FE5-B2DF-4ED9-BD01-29E0D53B3401}
		{0E2D6714-E997-4439-BFBB-D70F06D65CDA} = {3504E0A5-C3C7-4D0C-9F26-D19408F2F808}
		{0333117B-E589-44D7-8DDB-BA5FF6B0D519} = {3504E0A5-C3C7-4D0C-9F26-D19408F2F808}
		{CD64C7BF-8A8F-45AA-90B1-FD2E073C3EF6} = {A66E1AB1-9A56-4143-84A7-23031E80120D}
		{3DF9A073-E6BB-4C85-8B72-E4FD51B0F23E} = {0081FCAC-C8BD-4275-864A-3CC503FCDF32}
		{50ECDC19-0EEC-4769-92F9-76B26CD8783C} = {0081FCAC-C8BD-4275-864A-3CC503FCDF32}
		{A53A75FD-46CB-4845-AFFC-728D87638A0E} = {0081FCAC-C8BD-4275-864A-3CC503FCDF32}
		{6FC85AA9-A372-4663-8B13-95EA6B49A30F} = {0081FCAC-C8BD-4275-864A-3CC503FCDF32}
		{833934CF-5080-46DA-80A6-37641318A86F} = {0081FCAC-C8BD-4275-864A-3CC503FCDF32}
		{33FC4B70-E64E-4F7D-818E-E404362163A9} = {3504E0A5-C3C7-4D0C-9F26-D19408F2F808}
		{3672631F-D4F2-4CE0-985E-D118CC78CE78} = {0081FCAC-C8BD-4275-864A-3CC503FCDF32}
		{A257BF4E-5C28-48F2-8D9B-1A1090093EF5} = {CFB9B69C-B925-4EEB-9926-CCB5EAFFFEB7}
		{3092E8FF-3585-4069-979E-C16FC81287A2} = {0E2D6714-E997-4439-BFBB-D70F06D65CDA}
		{485359AB-9791-4019-9A81-0D20BECD0A4F} = {0E2D6714-E997-4439-BFBB-D70F06D65CDA}
		{D6237064-E9BE-4BCB-A1C7-81BDBBDA5785} = {0081FCAC-C8BD-4275-864A-3CC503FCDF32}
		{00779BD5-C896-4CD8-8783-977A1E5C15DA} = {0081FCAC-C8BD-4275-864A-3CC503FCDF32}
		{58E034C7-8700-4432-9AD2-FD035E7D838A} = {0081FCAC-C8BD-4275-864A-3CC503FCDF32}
		{374D579F-FCFD-4355-95B5-985B8EA83242} = {0081FCAC-C8BD-4275-864A-3CC503FCDF32}
	EndGlobalSection
EndGlobal
